
Microsoft Visual Studio Solution File, Format Version 12.00
# Visual Studio 15
VisualStudioVersion = 15.0.27703.2026
MinimumVisualStudioVersion = 10.0.40219.1
Project("{2150E333-8FDC-42A3-9474-1A3956D46DE8}") = "Build", "Build", "{061866E2-005C-4D13-A338-EA464BBEC60F}"
	ProjectSection(SolutionItems) = preProject
		..\license.txt = ..\license.txt
	EndProjectSection
EndProject
Project("{9A19103F-16F7-4668-BE54-9A1E7A4F7556}") = "Jsonite", "Jsonite\Jsonite.csproj", "{E7916EBE-D9C6-4FE6-B9C4-9A85E33707F7}"
EndProject
Project("{FAE04EC0-301F-11D3-BF4B-00C04F79EFBC}") = "Jsonite.Tests", "Jsonite.Tests\Jsonite.Tests.csproj", "{A0C5CB5F-5568-40AB-B945-D6D2664D51B0}"
	ProjectSection(ProjectDependencies) = postProject
		{E7916EBE-D9C6-4FE6-B9C4-9A85E33707F7} = {E7916EBE-D9C6-4FE6-B9C4-9A85E33707F7}
	EndProjectSection
EndProject
Project("{FAE04EC0-301F-11D3-BF4B-00C04F79EFBC}") = "Jsonite.Benchmarks", "Jsonite.Benchmarks\Jsonite.Benchmarks.csproj", "{39E21907-05A1-4C5C-B83E-EB225F88F34D}"
	ProjectSection(ProjectDependencies) = postProject
		{E7916EBE-D9C6-4FE6-B9C4-9A85E33707F7} = {E7916EBE-D9C6-4FE6-B9C4-9A85E33707F7}
	EndProjectSection
EndProject
Global
	GlobalSection(SolutionConfigurationPlatforms) = preSolution
		Debug|Any CPU = Debug|Any CPU
		Release|Any CPU = Release|Any CPU
	EndGlobalSection
	GlobalSection(ProjectConfigurationPlatforms) = postSolution
		{E7916EBE-D9C6-4FE6-B9C4-9A85E33707F7}.Debug|Any CPU.ActiveCfg = Debug|Any CPU
		{E7916EBE-D9C6-4FE6-B9C4-9A85E33707F7}.Debug|Any CPU.Build.0 = Debug|Any CPU
		{E7916EBE-D9C6-4FE6-B9C4-9A85E33707F7}.Release|Any CPU.ActiveCfg = Release|Any CPU
		{E7916EBE-D9C6-4FE6-B9C4-9A85E33707F7}.Release|Any CPU.Build.0 = Release|Any CPU
		{A0C5CB5F-5568-40AB-B945-D6D2664D51B0}.Debug|Any CPU.ActiveCfg = Debug|Any CPU
		{A0C5CB5F-5568-40AB-B945-D6D2664D51B0}.Debug|Any CPU.Build.0 = Debug|Any CPU
		{A0C5CB5F-5568-40AB-B945-D6D2664D51B0}.Release|Any CPU.ActiveCfg = Release|Any CPU
		{A0C5CB5F-5568-40AB-B945-D6D2664D51B0}.Release|Any CPU.Build.0 = Release|Any CPU
		{39E21907-05A1-4C5C-B83E-EB225F88F34D}.Debug|Any CPU.ActiveCfg = Debug|Any CPU
		{39E21907-05A1-4C5C-B83E-EB225F88F34D}.Debug|Any CPU.Build.0 = Debug|Any CPU
		{39E21907-05A1-4C5C-B83E-EB225F88F34D}.Release|Any CPU.ActiveCfg = Release|Any CPU
		{39E21907-05A1-4C5C-B83E-EB225F88F34D}.Release|Any CPU.Build.0 = Release|Any CPU
	EndGlobalSection
	GlobalSection(SolutionProperties) = preSolution
		HideSolutionNode = FALSE
	EndGlobalSection
	GlobalSection(ExtensibilityGlobals) = postSolution
		SolutionGuid = {AE828436-E87F-4F94-ACCA-38F17DAF9005}
	EndGlobalSection
EndGlobal
