
Microsoft Visual Studio Solution File, Format Version 12.00
# Visual Studio 15
VisualStudioVersion = 15.0.26228.76
MinimumVisualStudioVersion = 10.0.40219.1
Project("{2150E333-8FDC-42A3-9474-1A3956D46DE8}") = "Libraries", "Libraries", "{3B1EC4DB-5461-4F80-968F-C1599C4E2BC4}"
EndProject
Project("{FAE04EC0-301F-11D3-BF4B-00C04F79EFBC}") = "DSharpPlus.UWP", "Libraries\DSharpPlus\DSharpPlus.UWP\DSharpPlus.UWP.csproj", "{3D003FB3-CE19-43AB-A345-D35777C8DC71}"
EndProject
Project("{9A19103F-16F7-4668-BE54-9A1E7A4F7556}") = "WamWooWam.Core", "Libraries\WamWooWam.Core\WamWooWam.Core\WamWooWam.Core.csproj", "{1A5B4FAD-45ED-47DC-94A0-E14A0ECB5336}"
EndProject
Project("{9A19103F-16F7-4668-BE54-9A1E7A4F7556}") = "DSharpPlus", "Libraries\DSharpPlus\DSharpPlus\DSharpPlus.csproj", "{AF1C3F9F-BCC8-43F2-B476-F3E8E87E431C}"
EndProject
Project("{FAE04EC0-301F-11D3-BF4B-00C04F79EFBC}") = "Unicord.Univeral", "Unicord.Universal\Unicord.Univeral.csproj", "{B6C21BFC-7FC8-434B-B6D8-557D7FD32ADF}"
EndProject
Project("{FAE04EC0-301F-11D3-BF4B-00C04F79EFBC}") = "DSharpPlus.VoiceNext.UWP", "Libraries\DSharpPlus.VoiceNext.UWP\DSharpPlus.VoiceNext.UWP.csproj", "{F061F955-5565-4D48-8111-F2F7F2241499}"
EndProject
Project("{9A19103F-16F7-4668-BE54-9A1E7A4F7556}") = "MomentSharp", "Libraries\MomentSharp\MomentSharp\MomentSharp.csproj", "{95D6C6BD-2D67-4395-A7C0-234FA418BA19}"
EndProject
Project("{2150E333-8FDC-42A3-9474-1A3956D46DE8}") = "Native", "Native", "{29620FD8-F805-446B-855F-2C3AADC19DFC}"
EndProject
Project("{8BC9CEB8-8B4A-11D0-8D11-00A0C91BC942}") = "libopus", "Libraries\Native\opus\win32\VS2015\opus.vcxproj", "{219EC965-228A-1824-174D-96449D05F88A}"
EndProject
Project("{8BC9CEB8-8B4A-11D0-8D11-00A0C91BC942}") = "libsodium", "Libraries\Native\libsodium\libsodium.vcxproj", "{A185B162-6CB6-4502-B03F-B56F7699A8D9}"
EndProject
Project("{FAE04EC0-301F-11D3-BF4B-00C04F79EFBC}") = "Unicord.Universal.Voice", "Unicord.Universal.Voice\Unicord.Universal.Voice.csproj", "{CD2E900E-41A8-4DEC-AFF9-2B467E5022BF}"
EndProject
Global
	GlobalSection(SolutionConfigurationPlatforms) = preSolution
		Debug|Any CPU = Debug|Any CPU
		Debug|ARM = Debug|ARM
		Debug|ARM64 = Debug|ARM64
		Debug|x64 = Debug|x64
		Debug|x86 = Debug|x86
		DebugDLL_fixed|Any CPU = DebugDLL_fixed|Any CPU
		DebugDLL_fixed|ARM = DebugDLL_fixed|ARM
		DebugDLL_fixed|ARM64 = DebugDLL_fixed|ARM64
		DebugDLL_fixed|x64 = DebugDLL_fixed|x64
		DebugDLL_fixed|x86 = DebugDLL_fixed|x86
		DebugDLL|Any CPU = DebugDLL|Any CPU
		DebugDLL|ARM = DebugDLL|ARM
		DebugDLL|ARM64 = DebugDLL|ARM64
		DebugDLL|x64 = DebugDLL|x64
		DebugDLL|x86 = DebugDLL|x86
		Release|Any CPU = Release|Any CPU
		Release|ARM = Release|ARM
		Release|ARM64 = Release|ARM64
		Release|x64 = Release|x64
		Release|x86 = Release|x86
		ReleaseDLL_fixed|Any CPU = ReleaseDLL_fixed|Any CPU
		ReleaseDLL_fixed|ARM = ReleaseDLL_fixed|ARM
		ReleaseDLL_fixed|ARM64 = ReleaseDLL_fixed|ARM64
		ReleaseDLL_fixed|x64 = ReleaseDLL_fixed|x64
		ReleaseDLL_fixed|x86 = ReleaseDLL_fixed|x86
		ReleaseDLL|Any CPU = ReleaseDLL|Any CPU
		ReleaseDLL|ARM = ReleaseDLL|ARM
		ReleaseDLL|ARM64 = ReleaseDLL|ARM64
		ReleaseDLL|x64 = ReleaseDLL|x64
		ReleaseDLL|x86 = ReleaseDLL|x86
		Store|Any CPU = Store|Any CPU
		Store|ARM = Store|ARM
		Store|ARM64 = Store|ARM64
		Store|x64 = Store|x64
		Store|x86 = Store|x86
	EndGlobalSection
	GlobalSection(ProjectConfigurationPlatforms) = postSolution
		{3D003FB3-CE19-43AB-A345-D35777C8DC71}.Debug|Any CPU.ActiveCfg = Debug|Any CPU
		{3D003FB3-CE19-43AB-A345-D35777C8DC71}.Debug|Any CPU.Build.0 = Debug|Any CPU
		{3D003FB3-CE19-43AB-A345-D35777C8DC71}.Debug|ARM.ActiveCfg = Debug|ARM
		{3D003FB3-CE19-43AB-A345-D35777C8DC71}.Debug|ARM.Build.0 = Debug|ARM
		{3D003FB3-CE19-43AB-A345-D35777C8DC71}.Debug|ARM64.ActiveCfg = Debug|ARM64
		{3D003FB3-CE19-43AB-A345-D35777C8DC71}.Debug|ARM64.Build.0 = Debug|ARM64
		{3D003FB3-CE19-43AB-A345-D35777C8DC71}.Debug|x64.ActiveCfg = Debug|x64
		{3D003FB3-CE19-43AB-A345-D35777C8DC71}.Debug|x64.Build.0 = Debug|x64
		{3D003FB3-CE19-43AB-A345-D35777C8DC71}.Debug|x86.ActiveCfg = Debug|x86
		{3D003FB3-CE19-43AB-A345-D35777C8DC71}.Debug|x86.Build.0 = Debug|x86
		{3D003FB3-CE19-43AB-A345-D35777C8DC71}.DebugDLL_fixed|Any CPU.ActiveCfg = Debug|Any CPU
		{3D003FB3-CE19-43AB-A345-D35777C8DC71}.DebugDLL_fixed|Any CPU.Build.0 = Debug|Any CPU
		{3D003FB3-CE19-43AB-A345-D35777C8DC71}.DebugDLL_fixed|ARM.ActiveCfg = Debug|ARM
		{3D003FB3-CE19-43AB-A345-D35777C8DC71}.DebugDLL_fixed|ARM.Build.0 = Debug|ARM
		{3D003FB3-CE19-43AB-A345-D35777C8DC71}.DebugDLL_fixed|ARM64.ActiveCfg = Debug|ARM64
		{3D003FB3-CE19-43AB-A345-D35777C8DC71}.DebugDLL_fixed|ARM64.Build.0 = Debug|ARM64
		{3D003FB3-CE19-43AB-A345-D35777C8DC71}.DebugDLL_fixed|x64.ActiveCfg = Debug|x64
		{3D003FB3-CE19-43AB-A345-D35777C8DC71}.DebugDLL_fixed|x64.Build.0 = Debug|x64
		{3D003FB3-CE19-43AB-A345-D35777C8DC71}.DebugDLL_fixed|x86.ActiveCfg = Debug|x86
		{3D003FB3-CE19-43AB-A345-D35777C8DC71}.DebugDLL_fixed|x86.Build.0 = Debug|x86
		{3D003FB3-CE19-43AB-A345-D35777C8DC71}.DebugDLL|Any CPU.ActiveCfg = Debug|Any CPU
		{3D003FB3-CE19-43AB-A345-D35777C8DC71}.DebugDLL|Any CPU.Build.0 = Debug|Any CPU
		{3D003FB3-CE19-43AB-A345-D35777C8DC71}.DebugDLL|ARM.ActiveCfg = Debug|ARM
		{3D003FB3-CE19-43AB-A345-D35777C8DC71}.DebugDLL|ARM.Build.0 = Debug|ARM
		{3D003FB3-CE19-43AB-A345-D35777C8DC71}.DebugDLL|ARM64.ActiveCfg = Debug|ARM64
		{3D003FB3-CE19-43AB-A345-D35777C8DC71}.DebugDLL|ARM64.Build.0 = Debug|ARM64
		{3D003FB3-CE19-43AB-A345-D35777C8DC71}.DebugDLL|x64.ActiveCfg = Debug|x64
		{3D003FB3-CE19-43AB-A345-D35777C8DC71}.DebugDLL|x64.Build.0 = Debug|x64
		{3D003FB3-CE19-43AB-A345-D35777C8DC71}.DebugDLL|x86.ActiveCfg = Debug|x86
		{3D003FB3-CE19-43AB-A345-D35777C8DC71}.DebugDLL|x86.Build.0 = Debug|x86
		{3D003FB3-CE19-43AB-A345-D35777C8DC71}.Release|Any CPU.ActiveCfg = Release|Any CPU
		{3D003FB3-CE19-43AB-A345-D35777C8DC71}.Release|Any CPU.Build.0 = Release|Any CPU
		{3D003FB3-CE19-43AB-A345-D35777C8DC71}.Release|ARM.ActiveCfg = Release|ARM
		{3D003FB3-CE19-43AB-A345-D35777C8DC71}.Release|ARM.Build.0 = Release|ARM
		{3D003FB3-CE19-43AB-A345-D35777C8DC71}.Release|ARM64.ActiveCfg = Release|ARM64
		{3D003FB3-CE19-43AB-A345-D35777C8DC71}.Release|ARM64.Build.0 = Release|ARM64
		{3D003FB3-CE19-43AB-A345-D35777C8DC71}.Release|x64.ActiveCfg = Release|x64
		{3D003FB3-CE19-43AB-A345-D35777C8DC71}.Release|x64.Build.0 = Release|x64
		{3D003FB3-CE19-43AB-A345-D35777C8DC71}.Release|x86.ActiveCfg = Release|x86
		{3D003FB3-CE19-43AB-A345-D35777C8DC71}.Release|x86.Build.0 = Release|x86
		{3D003FB3-CE19-43AB-A345-D35777C8DC71}.ReleaseDLL_fixed|Any CPU.ActiveCfg = Release|Any CPU
		{3D003FB3-CE19-43AB-A345-D35777C8DC71}.ReleaseDLL_fixed|Any CPU.Build.0 = Release|Any CPU
		{3D003FB3-CE19-43AB-A345-D35777C8DC71}.ReleaseDLL_fixed|ARM.ActiveCfg = Release|ARM
		{3D003FB3-CE19-43AB-A345-D35777C8DC71}.ReleaseDLL_fixed|ARM.Build.0 = Release|ARM
		{3D003FB3-CE19-43AB-A345-D35777C8DC71}.ReleaseDLL_fixed|ARM64.ActiveCfg = Release|ARM64
		{3D003FB3-CE19-43AB-A345-D35777C8DC71}.ReleaseDLL_fixed|ARM64.Build.0 = Release|ARM64
		{3D003FB3-CE19-43AB-A345-D35777C8DC71}.ReleaseDLL_fixed|x64.ActiveCfg = Release|x64
		{3D003FB3-CE19-43AB-A345-D35777C8DC71}.ReleaseDLL_fixed|x64.Build.0 = Release|x64
		{3D003FB3-CE19-43AB-A345-D35777C8DC71}.ReleaseDLL_fixed|x86.ActiveCfg = Release|x86
		{3D003FB3-CE19-43AB-A345-D35777C8DC71}.ReleaseDLL_fixed|x86.Build.0 = Release|x86
		{3D003FB3-CE19-43AB-A345-D35777C8DC71}.ReleaseDLL|Any CPU.ActiveCfg = Release|Any CPU
		{3D003FB3-CE19-43AB-A345-D35777C8DC71}.ReleaseDLL|Any CPU.Build.0 = Release|Any CPU
		{3D003FB3-CE19-43AB-A345-D35777C8DC71}.ReleaseDLL|ARM.ActiveCfg = Release|ARM
		{3D003FB3-CE19-43AB-A345-D35777C8DC71}.ReleaseDLL|ARM.Build.0 = Release|ARM
		{3D003FB3-CE19-43AB-A345-D35777C8DC71}.ReleaseDLL|ARM64.ActiveCfg = Release|ARM64
		{3D003FB3-CE19-43AB-A345-D35777C8DC71}.ReleaseDLL|ARM64.Build.0 = Release|ARM64
		{3D003FB3-CE19-43AB-A345-D35777C8DC71}.ReleaseDLL|x64.ActiveCfg = Release|x64
		{3D003FB3-CE19-43AB-A345-D35777C8DC71}.ReleaseDLL|x64.Build.0 = Release|x64
		{3D003FB3-CE19-43AB-A345-D35777C8DC71}.ReleaseDLL|x86.ActiveCfg = Release|x86
		{3D003FB3-CE19-43AB-A345-D35777C8DC71}.ReleaseDLL|x86.Build.0 = Release|x86
		{3D003FB3-CE19-43AB-A345-D35777C8DC71}.Store|Any CPU.ActiveCfg = Store|Any CPU
		{3D003FB3-CE19-43AB-A345-D35777C8DC71}.Store|Any CPU.Build.0 = Store|Any CPU
		{3D003FB3-CE19-43AB-A345-D35777C8DC71}.Store|ARM.ActiveCfg = Store|ARM
		{3D003FB3-CE19-43AB-A345-D35777C8DC71}.Store|ARM.Build.0 = Store|ARM
		{3D003FB3-CE19-43AB-A345-D35777C8DC71}.Store|ARM64.ActiveCfg = Store|ARM64
		{3D003FB3-CE19-43AB-A345-D35777C8DC71}.Store|ARM64.Build.0 = Store|ARM64
		{3D003FB3-CE19-43AB-A345-D35777C8DC71}.Store|x64.ActiveCfg = Release|x64
		{3D003FB3-CE19-43AB-A345-D35777C8DC71}.Store|x64.Build.0 = Release|x64
		{3D003FB3-CE19-43AB-A345-D35777C8DC71}.Store|x86.ActiveCfg = Store|x86
		{3D003FB3-CE19-43AB-A345-D35777C8DC71}.Store|x86.Build.0 = Store|x86
		{1A5B4FAD-45ED-47DC-94A0-E14A0ECB5336}.Debug|Any CPU.ActiveCfg = Debug|Any CPU
		{1A5B4FAD-45ED-47DC-94A0-E14A0ECB5336}.Debug|Any CPU.Build.0 = Debug|Any CPU
		{1A5B4FAD-45ED-47DC-94A0-E14A0ECB5336}.Debug|ARM.ActiveCfg = Debug|Any CPU
		{1A5B4FAD-45ED-47DC-94A0-E14A0ECB5336}.Debug|ARM.Build.0 = Debug|Any CPU
		{1A5B4FAD-45ED-47DC-94A0-E14A0ECB5336}.Debug|ARM64.ActiveCfg = Debug|Any CPU
		{1A5B4FAD-45ED-47DC-94A0-E14A0ECB5336}.Debug|ARM64.Build.0 = Debug|Any CPU
		{1A5B4FAD-45ED-47DC-94A0-E14A0ECB5336}.Debug|x64.ActiveCfg = Debug|Any CPU
		{1A5B4FAD-45ED-47DC-94A0-E14A0ECB5336}.Debug|x64.Build.0 = Debug|Any CPU
		{1A5B4FAD-45ED-47DC-94A0-E14A0ECB5336}.Debug|x86.ActiveCfg = Debug|Any CPU
		{1A5B4FAD-45ED-47DC-94A0-E14A0ECB5336}.Debug|x86.Build.0 = Debug|Any CPU
		{1A5B4FAD-45ED-47DC-94A0-E14A0ECB5336}.DebugDLL_fixed|Any CPU.ActiveCfg = Debug|Any CPU
		{1A5B4FAD-45ED-47DC-94A0-E14A0ECB5336}.DebugDLL_fixed|Any CPU.Build.0 = Debug|Any CPU
		{1A5B4FAD-45ED-47DC-94A0-E14A0ECB5336}.DebugDLL_fixed|ARM.ActiveCfg = Debug|Any CPU
		{1A5B4FAD-45ED-47DC-94A0-E14A0ECB5336}.DebugDLL_fixed|ARM.Build.0 = Debug|Any CPU
		{1A5B4FAD-45ED-47DC-94A0-E14A0ECB5336}.DebugDLL_fixed|ARM64.ActiveCfg = Debug|Any CPU
		{1A5B4FAD-45ED-47DC-94A0-E14A0ECB5336}.DebugDLL_fixed|ARM64.Build.0 = Debug|Any CPU
		{1A5B4FAD-45ED-47DC-94A0-E14A0ECB5336}.DebugDLL_fixed|x64.ActiveCfg = Debug|x64
		{1A5B4FAD-45ED-47DC-94A0-E14A0ECB5336}.DebugDLL_fixed|x64.Build.0 = Debug|x64
		{1A5B4FAD-45ED-47DC-94A0-E14A0ECB5336}.DebugDLL_fixed|x86.ActiveCfg = Debug|x86
		{1A5B4FAD-45ED-47DC-94A0-E14A0ECB5336}.DebugDLL_fixed|x86.Build.0 = Debug|x86
		{1A5B4FAD-45ED-47DC-94A0-E14A0ECB5336}.DebugDLL|Any CPU.ActiveCfg = Debug|Any CPU
		{1A5B4FAD-45ED-47DC-94A0-E14A0ECB5336}.DebugDLL|Any CPU.Build.0 = Debug|Any CPU
		{1A5B4FAD-45ED-47DC-94A0-E14A0ECB5336}.DebugDLL|ARM.ActiveCfg = Debug|Any CPU
		{1A5B4FAD-45ED-47DC-94A0-E14A0ECB5336}.DebugDLL|ARM.Build.0 = Debug|Any CPU
		{1A5B4FAD-45ED-47DC-94A0-E14A0ECB5336}.DebugDLL|ARM64.ActiveCfg = Debug|Any CPU
		{1A5B4FAD-45ED-47DC-94A0-E14A0ECB5336}.DebugDLL|ARM64.Build.0 = Debug|Any CPU
		{1A5B4FAD-45ED-47DC-94A0-E14A0ECB5336}.DebugDLL|x64.ActiveCfg = Debug|x64
		{1A5B4FAD-45ED-47DC-94A0-E14A0ECB5336}.DebugDLL|x64.Build.0 = Debug|x64
		{1A5B4FAD-45ED-47DC-94A0-E14A0ECB5336}.DebugDLL|x86.ActiveCfg = Debug|x86
		{1A5B4FAD-45ED-47DC-94A0-E14A0ECB5336}.DebugDLL|x86.Build.0 = Debug|x86
		{1A5B4FAD-45ED-47DC-94A0-E14A0ECB5336}.Release|Any CPU.ActiveCfg = Release|Any CPU
		{1A5B4FAD-45ED-47DC-94A0-E14A0ECB5336}.Release|Any CPU.Build.0 = Release|Any CPU
		{1A5B4FAD-45ED-47DC-94A0-E14A0ECB5336}.Release|ARM.ActiveCfg = Release|Any CPU
		{1A5B4FAD-45ED-47DC-94A0-E14A0ECB5336}.Release|ARM.Build.0 = Release|Any CPU
		{1A5B4FAD-45ED-47DC-94A0-E14A0ECB5336}.Release|ARM64.ActiveCfg = Release|Any CPU
		{1A5B4FAD-45ED-47DC-94A0-E14A0ECB5336}.Release|ARM64.Build.0 = Release|Any CPU
		{1A5B4FAD-45ED-47DC-94A0-E14A0ECB5336}.Release|x64.ActiveCfg = Release|Any CPU
		{1A5B4FAD-45ED-47DC-94A0-E14A0ECB5336}.Release|x64.Build.0 = Release|Any CPU
		{1A5B4FAD-45ED-47DC-94A0-E14A0ECB5336}.Release|x86.ActiveCfg = Release|Any CPU
		{1A5B4FAD-45ED-47DC-94A0-E14A0ECB5336}.Release|x86.Build.0 = Release|Any CPU
		{1A5B4FAD-45ED-47DC-94A0-E14A0ECB5336}.ReleaseDLL_fixed|Any CPU.ActiveCfg = Release|Any CPU
		{1A5B4FAD-45ED-47DC-94A0-E14A0ECB5336}.ReleaseDLL_fixed|Any CPU.Build.0 = Release|Any CPU
		{1A5B4FAD-45ED-47DC-94A0-E14A0ECB5336}.ReleaseDLL_fixed|ARM.ActiveCfg = Release|Any CPU
		{1A5B4FAD-45ED-47DC-94A0-E14A0ECB5336}.ReleaseDLL_fixed|ARM.Build.0 = Release|Any CPU
		{1A5B4FAD-45ED-47DC-94A0-E14A0ECB5336}.ReleaseDLL_fixed|ARM64.ActiveCfg = Release|Any CPU
		{1A5B4FAD-45ED-47DC-94A0-E14A0ECB5336}.ReleaseDLL_fixed|ARM64.Build.0 = Release|Any CPU
		{1A5B4FAD-45ED-47DC-94A0-E14A0ECB5336}.ReleaseDLL_fixed|x64.ActiveCfg = Release|x64
		{1A5B4FAD-45ED-47DC-94A0-E14A0ECB5336}.ReleaseDLL_fixed|x64.Build.0 = Release|x64
		{1A5B4FAD-45ED-47DC-94A0-E14A0ECB5336}.ReleaseDLL_fixed|x86.ActiveCfg = Release|x86
		{1A5B4FAD-45ED-47DC-94A0-E14A0ECB5336}.ReleaseDLL_fixed|x86.Build.0 = Release|x86
		{1A5B4FAD-45ED-47DC-94A0-E14A0ECB5336}.ReleaseDLL|Any CPU.ActiveCfg = Release|Any CPU
		{1A5B4FAD-45ED-47DC-94A0-E14A0ECB5336}.ReleaseDLL|Any CPU.Build.0 = Release|Any CPU
		{1A5B4FAD-45ED-47DC-94A0-E14A0ECB5336}.ReleaseDLL|ARM.ActiveCfg = Release|Any CPU
		{1A5B4FAD-45ED-47DC-94A0-E14A0ECB5336}.ReleaseDLL|ARM.Build.0 = Release|Any CPU
		{1A5B4FAD-45ED-47DC-94A0-E14A0ECB5336}.ReleaseDLL|ARM64.ActiveCfg = Release|Any CPU
		{1A5B4FAD-45ED-47DC-94A0-E14A0ECB5336}.ReleaseDLL|ARM64.Build.0 = Release|Any CPU
		{1A5B4FAD-45ED-47DC-94A0-E14A0ECB5336}.ReleaseDLL|x64.ActiveCfg = Release|x64
		{1A5B4FAD-45ED-47DC-94A0-E14A0ECB5336}.ReleaseDLL|x64.Build.0 = Release|x64
		{1A5B4FAD-45ED-47DC-94A0-E14A0ECB5336}.ReleaseDLL|x86.ActiveCfg = Release|x86
		{1A5B4FAD-45ED-47DC-94A0-E14A0ECB5336}.ReleaseDLL|x86.Build.0 = Release|x86
		{1A5B4FAD-45ED-47DC-94A0-E14A0ECB5336}.Store|Any CPU.ActiveCfg = Release|Any CPU
		{1A5B4FAD-45ED-47DC-94A0-E14A0ECB5336}.Store|Any CPU.Build.0 = Release|Any CPU
		{1A5B4FAD-45ED-47DC-94A0-E14A0ECB5336}.Store|ARM.ActiveCfg = Release|Any CPU
		{1A5B4FAD-45ED-47DC-94A0-E14A0ECB5336}.Store|ARM.Build.0 = Release|Any CPU
		{1A5B4FAD-45ED-47DC-94A0-E14A0ECB5336}.Store|ARM64.ActiveCfg = Release|Any CPU
		{1A5B4FAD-45ED-47DC-94A0-E14A0ECB5336}.Store|ARM64.Build.0 = Release|Any CPU
		{1A5B4FAD-45ED-47DC-94A0-E14A0ECB5336}.Store|x64.ActiveCfg = Release|Any CPU
		{1A5B4FAD-45ED-47DC-94A0-E14A0ECB5336}.Store|x64.Build.0 = Release|Any CPU
		{1A5B4FAD-45ED-47DC-94A0-E14A0ECB5336}.Store|x86.ActiveCfg = Release|Any CPU
		{1A5B4FAD-45ED-47DC-94A0-E14A0ECB5336}.Store|x86.Build.0 = Release|Any CPU
		{AF1C3F9F-BCC8-43F2-B476-F3E8E87E431C}.Debug|Any CPU.ActiveCfg = Debug|Any CPU
		{AF1C3F9F-BCC8-43F2-B476-F3E8E87E431C}.Debug|Any CPU.Build.0 = Debug|Any CPU
		{AF1C3F9F-BCC8-43F2-B476-F3E8E87E431C}.Debug|ARM.ActiveCfg = Debug|Any CPU
		{AF1C3F9F-BCC8-43F2-B476-F3E8E87E431C}.Debug|ARM.Build.0 = Debug|Any CPU
		{AF1C3F9F-BCC8-43F2-B476-F3E8E87E431C}.Debug|ARM64.ActiveCfg = Debug|Any CPU
		{AF1C3F9F-BCC8-43F2-B476-F3E8E87E431C}.Debug|ARM64.Build.0 = Debug|Any CPU
		{AF1C3F9F-BCC8-43F2-B476-F3E8E87E431C}.Debug|x64.ActiveCfg = Debug|Any CPU
		{AF1C3F9F-BCC8-43F2-B476-F3E8E87E431C}.Debug|x64.Build.0 = Debug|Any CPU
		{AF1C3F9F-BCC8-43F2-B476-F3E8E87E431C}.Debug|x86.ActiveCfg = Debug|Any CPU
		{AF1C3F9F-BCC8-43F2-B476-F3E8E87E431C}.Debug|x86.Build.0 = Debug|Any CPU
		{AF1C3F9F-BCC8-43F2-B476-F3E8E87E431C}.DebugDLL_fixed|Any CPU.ActiveCfg = Debug|Any CPU
		{AF1C3F9F-BCC8-43F2-B476-F3E8E87E431C}.DebugDLL_fixed|Any CPU.Build.0 = Debug|Any CPU
		{AF1C3F9F-BCC8-43F2-B476-F3E8E87E431C}.DebugDLL_fixed|ARM.ActiveCfg = Debug|Any CPU
		{AF1C3F9F-BCC8-43F2-B476-F3E8E87E431C}.DebugDLL_fixed|ARM.Build.0 = Debug|Any CPU
		{AF1C3F9F-BCC8-43F2-B476-F3E8E87E431C}.DebugDLL_fixed|ARM64.ActiveCfg = Debug|Any CPU
		{AF1C3F9F-BCC8-43F2-B476-F3E8E87E431C}.DebugDLL_fixed|ARM64.Build.0 = Debug|Any CPU
		{AF1C3F9F-BCC8-43F2-B476-F3E8E87E431C}.DebugDLL_fixed|x64.ActiveCfg = Debug|Any CPU
		{AF1C3F9F-BCC8-43F2-B476-F3E8E87E431C}.DebugDLL_fixed|x64.Build.0 = Debug|Any CPU
		{AF1C3F9F-BCC8-43F2-B476-F3E8E87E431C}.DebugDLL_fixed|x86.ActiveCfg = Debug|Any CPU
		{AF1C3F9F-BCC8-43F2-B476-F3E8E87E431C}.DebugDLL_fixed|x86.Build.0 = Debug|Any CPU
		{AF1C3F9F-BCC8-43F2-B476-F3E8E87E431C}.DebugDLL|Any CPU.ActiveCfg = Debug|Any CPU
		{AF1C3F9F-BCC8-43F2-B476-F3E8E87E431C}.DebugDLL|Any CPU.Build.0 = Debug|Any CPU
		{AF1C3F9F-BCC8-43F2-B476-F3E8E87E431C}.DebugDLL|ARM.ActiveCfg = Debug|Any CPU
		{AF1C3F9F-BCC8-43F2-B476-F3E8E87E431C}.DebugDLL|ARM.Build.0 = Debug|Any CPU
		{AF1C3F9F-BCC8-43F2-B476-F3E8E87E431C}.DebugDLL|ARM64.ActiveCfg = Debug|Any CPU
		{AF1C3F9F-BCC8-43F2-B476-F3E8E87E431C}.DebugDLL|ARM64.Build.0 = Debug|Any CPU
		{AF1C3F9F-BCC8-43F2-B476-F3E8E87E431C}.DebugDLL|x64.ActiveCfg = Debug|Any CPU
		{AF1C3F9F-BCC8-43F2-B476-F3E8E87E431C}.DebugDLL|x64.Build.0 = Debug|Any CPU
		{AF1C3F9F-BCC8-43F2-B476-F3E8E87E431C}.DebugDLL|x86.ActiveCfg = Debug|Any CPU
		{AF1C3F9F-BCC8-43F2-B476-F3E8E87E431C}.DebugDLL|x86.Build.0 = Debug|Any CPU
		{AF1C3F9F-BCC8-43F2-B476-F3E8E87E431C}.Release|Any CPU.ActiveCfg = Release|Any CPU
		{AF1C3F9F-BCC8-43F2-B476-F3E8E87E431C}.Release|Any CPU.Build.0 = Release|Any CPU
		{AF1C3F9F-BCC8-43F2-B476-F3E8E87E431C}.Release|ARM.ActiveCfg = Release|Any CPU
		{AF1C3F9F-BCC8-43F2-B476-F3E8E87E431C}.Release|ARM.Build.0 = Release|Any CPU
		{AF1C3F9F-BCC8-43F2-B476-F3E8E87E431C}.Release|ARM64.ActiveCfg = Release|Any CPU
		{AF1C3F9F-BCC8-43F2-B476-F3E8E87E431C}.Release|ARM64.Build.0 = Release|Any CPU
		{AF1C3F9F-BCC8-43F2-B476-F3E8E87E431C}.Release|x64.ActiveCfg = Release|Any CPU
		{AF1C3F9F-BCC8-43F2-B476-F3E8E87E431C}.Release|x64.Build.0 = Release|Any CPU
		{AF1C3F9F-BCC8-43F2-B476-F3E8E87E431C}.Release|x86.ActiveCfg = Release|Any CPU
		{AF1C3F9F-BCC8-43F2-B476-F3E8E87E431C}.Release|x86.Build.0 = Release|Any CPU
		{AF1C3F9F-BCC8-43F2-B476-F3E8E87E431C}.ReleaseDLL_fixed|Any CPU.ActiveCfg = Release|Any CPU
		{AF1C3F9F-BCC8-43F2-B476-F3E8E87E431C}.ReleaseDLL_fixed|Any CPU.Build.0 = Release|Any CPU
		{AF1C3F9F-BCC8-43F2-B476-F3E8E87E431C}.ReleaseDLL_fixed|ARM.ActiveCfg = Release|Any CPU
		{AF1C3F9F-BCC8-43F2-B476-F3E8E87E431C}.ReleaseDLL_fixed|ARM.Build.0 = Release|Any CPU
		{AF1C3F9F-BCC8-43F2-B476-F3E8E87E431C}.ReleaseDLL_fixed|ARM64.ActiveCfg = Release|Any CPU
		{AF1C3F9F-BCC8-43F2-B476-F3E8E87E431C}.ReleaseDLL_fixed|ARM64.Build.0 = Release|Any CPU
		{AF1C3F9F-BCC8-43F2-B476-F3E8E87E431C}.ReleaseDLL_fixed|x64.ActiveCfg = Release|Any CPU
		{AF1C3F9F-BCC8-43F2-B476-F3E8E87E431C}.ReleaseDLL_fixed|x64.Build.0 = Release|Any CPU
		{AF1C3F9F-BCC8-43F2-B476-F3E8E87E431C}.ReleaseDLL_fixed|x86.ActiveCfg = Release|Any CPU
		{AF1C3F9F-BCC8-43F2-B476-F3E8E87E431C}.ReleaseDLL_fixed|x86.Build.0 = Release|Any CPU
		{AF1C3F9F-BCC8-43F2-B476-F3E8E87E431C}.ReleaseDLL|Any CPU.ActiveCfg = Release|Any CPU
		{AF1C3F9F-BCC8-43F2-B476-F3E8E87E431C}.ReleaseDLL|Any CPU.Build.0 = Release|Any CPU
		{AF1C3F9F-BCC8-43F2-B476-F3E8E87E431C}.ReleaseDLL|ARM.ActiveCfg = Release|Any CPU
		{AF1C3F9F-BCC8-43F2-B476-F3E8E87E431C}.ReleaseDLL|ARM.Build.0 = Release|Any CPU
		{AF1C3F9F-BCC8-43F2-B476-F3E8E87E431C}.ReleaseDLL|ARM64.ActiveCfg = Release|Any CPU
		{AF1C3F9F-BCC8-43F2-B476-F3E8E87E431C}.ReleaseDLL|ARM64.Build.0 = Release|Any CPU
		{AF1C3F9F-BCC8-43F2-B476-F3E8E87E431C}.ReleaseDLL|x64.ActiveCfg = Release|Any CPU
		{AF1C3F9F-BCC8-43F2-B476-F3E8E87E431C}.ReleaseDLL|x64.Build.0 = Release|Any CPU
		{AF1C3F9F-BCC8-43F2-B476-F3E8E87E431C}.ReleaseDLL|x86.ActiveCfg = Release|Any CPU
		{AF1C3F9F-BCC8-43F2-B476-F3E8E87E431C}.ReleaseDLL|x86.Build.0 = Release|Any CPU
		{AF1C3F9F-BCC8-43F2-B476-F3E8E87E431C}.Store|Any CPU.ActiveCfg = Store|Any CPU
		{AF1C3F9F-BCC8-43F2-B476-F3E8E87E431C}.Store|Any CPU.Build.0 = Store|Any CPU
		{AF1C3F9F-BCC8-43F2-B476-F3E8E87E431C}.Store|ARM.ActiveCfg = Store|Any CPU
		{AF1C3F9F-BCC8-43F2-B476-F3E8E87E431C}.Store|ARM.Build.0 = Store|Any CPU
		{AF1C3F9F-BCC8-43F2-B476-F3E8E87E431C}.Store|ARM64.ActiveCfg = Store|Any CPU
		{AF1C3F9F-BCC8-43F2-B476-F3E8E87E431C}.Store|ARM64.Build.0 = Store|Any CPU
		{AF1C3F9F-BCC8-43F2-B476-F3E8E87E431C}.Store|x64.ActiveCfg = Release|Any CPU
		{AF1C3F9F-BCC8-43F2-B476-F3E8E87E431C}.Store|x64.Build.0 = Release|Any CPU
		{AF1C3F9F-BCC8-43F2-B476-F3E8E87E431C}.Store|x86.ActiveCfg = Store|Any CPU
		{AF1C3F9F-BCC8-43F2-B476-F3E8E87E431C}.Store|x86.Build.0 = Store|Any CPU
		{B6C21BFC-7FC8-434B-B6D8-557D7FD32ADF}.Debug|Any CPU.ActiveCfg = Debug|x86
		{B6C21BFC-7FC8-434B-B6D8-557D7FD32ADF}.Debug|Any CPU.Build.0 = Debug|x86
		{B6C21BFC-7FC8-434B-B6D8-557D7FD32ADF}.Debug|Any CPU.Deploy.0 = Debug|x86
		{B6C21BFC-7FC8-434B-B6D8-557D7FD32ADF}.Debug|ARM.ActiveCfg = Debug|ARM
		{B6C21BFC-7FC8-434B-B6D8-557D7FD32ADF}.Debug|ARM.Build.0 = Debug|ARM
		{B6C21BFC-7FC8-434B-B6D8-557D7FD32ADF}.Debug|ARM.Deploy.0 = Debug|ARM
		{B6C21BFC-7FC8-434B-B6D8-557D7FD32ADF}.Debug|ARM64.ActiveCfg = Debug|ARM64
		{B6C21BFC-7FC8-434B-B6D8-557D7FD32ADF}.Debug|ARM64.Build.0 = Debug|ARM64
		{B6C21BFC-7FC8-434B-B6D8-557D7FD32ADF}.Debug|ARM64.Deploy.0 = Debug|ARM64
		{B6C21BFC-7FC8-434B-B6D8-557D7FD32ADF}.Debug|x64.ActiveCfg = Debug|x64
		{B6C21BFC-7FC8-434B-B6D8-557D7FD32ADF}.Debug|x64.Build.0 = Debug|x64
		{B6C21BFC-7FC8-434B-B6D8-557D7FD32ADF}.Debug|x64.Deploy.0 = Debug|x64
		{B6C21BFC-7FC8-434B-B6D8-557D7FD32ADF}.Debug|x86.ActiveCfg = Debug|x86
		{B6C21BFC-7FC8-434B-B6D8-557D7FD32ADF}.Debug|x86.Build.0 = Debug|x86
		{B6C21BFC-7FC8-434B-B6D8-557D7FD32ADF}.Debug|x86.Deploy.0 = Debug|x86
		{B6C21BFC-7FC8-434B-B6D8-557D7FD32ADF}.DebugDLL_fixed|Any CPU.ActiveCfg = Store|Win32
		{B6C21BFC-7FC8-434B-B6D8-557D7FD32ADF}.DebugDLL_fixed|Any CPU.Build.0 = Store|Win32
		{B6C21BFC-7FC8-434B-B6D8-557D7FD32ADF}.DebugDLL_fixed|Any CPU.Deploy.0 = Store|Win32
		{B6C21BFC-7FC8-434B-B6D8-557D7FD32ADF}.DebugDLL_fixed|ARM.ActiveCfg = Debug|ARM
		{B6C21BFC-7FC8-434B-B6D8-557D7FD32ADF}.DebugDLL_fixed|ARM.Build.0 = Debug|ARM
		{B6C21BFC-7FC8-434B-B6D8-557D7FD32ADF}.DebugDLL_fixed|ARM.Deploy.0 = Debug|ARM
		{B6C21BFC-7FC8-434B-B6D8-557D7FD32ADF}.DebugDLL_fixed|ARM64.ActiveCfg = Debug|ARM64
		{B6C21BFC-7FC8-434B-B6D8-557D7FD32ADF}.DebugDLL_fixed|ARM64.Build.0 = Debug|ARM64
		{B6C21BFC-7FC8-434B-B6D8-557D7FD32ADF}.DebugDLL_fixed|ARM64.Deploy.0 = Debug|ARM64
		{B6C21BFC-7FC8-434B-B6D8-557D7FD32ADF}.DebugDLL_fixed|x64.ActiveCfg = Debug|x64
		{B6C21BFC-7FC8-434B-B6D8-557D7FD32ADF}.DebugDLL_fixed|x64.Build.0 = Debug|x64
		{B6C21BFC-7FC8-434B-B6D8-557D7FD32ADF}.DebugDLL_fixed|x64.Deploy.0 = Debug|x64
		{B6C21BFC-7FC8-434B-B6D8-557D7FD32ADF}.DebugDLL_fixed|x86.ActiveCfg = Debug|x86
		{B6C21BFC-7FC8-434B-B6D8-557D7FD32ADF}.DebugDLL_fixed|x86.Build.0 = Debug|x86
		{B6C21BFC-7FC8-434B-B6D8-557D7FD32ADF}.DebugDLL_fixed|x86.Deploy.0 = Debug|x86
		{B6C21BFC-7FC8-434B-B6D8-557D7FD32ADF}.DebugDLL|Any CPU.ActiveCfg = Store|Win32
		{B6C21BFC-7FC8-434B-B6D8-557D7FD32ADF}.DebugDLL|Any CPU.Build.0 = Store|Win32
		{B6C21BFC-7FC8-434B-B6D8-557D7FD32ADF}.DebugDLL|Any CPU.Deploy.0 = Store|Win32
		{B6C21BFC-7FC8-434B-B6D8-557D7FD32ADF}.DebugDLL|ARM.ActiveCfg = Debug|ARM
		{B6C21BFC-7FC8-434B-B6D8-557D7FD32ADF}.DebugDLL|ARM.Build.0 = Debug|ARM
		{B6C21BFC-7FC8-434B-B6D8-557D7FD32ADF}.DebugDLL|ARM.Deploy.0 = Debug|ARM
		{B6C21BFC-7FC8-434B-B6D8-557D7FD32ADF}.DebugDLL|ARM64.ActiveCfg = Debug|ARM64
		{B6C21BFC-7FC8-434B-B6D8-557D7FD32ADF}.DebugDLL|ARM64.Build.0 = Debug|ARM64
		{B6C21BFC-7FC8-434B-B6D8-557D7FD32ADF}.DebugDLL|ARM64.Deploy.0 = Debug|ARM64
		{B6C21BFC-7FC8-434B-B6D8-557D7FD32ADF}.DebugDLL|x64.ActiveCfg = Debug|x64
		{B6C21BFC-7FC8-434B-B6D8-557D7FD32ADF}.DebugDLL|x64.Build.0 = Debug|x64
		{B6C21BFC-7FC8-434B-B6D8-557D7FD32ADF}.DebugDLL|x64.Deploy.0 = Debug|x64
		{B6C21BFC-7FC8-434B-B6D8-557D7FD32ADF}.DebugDLL|x86.ActiveCfg = Debug|x86
		{B6C21BFC-7FC8-434B-B6D8-557D7FD32ADF}.DebugDLL|x86.Build.0 = Debug|x86
		{B6C21BFC-7FC8-434B-B6D8-557D7FD32ADF}.DebugDLL|x86.Deploy.0 = Debug|x86
		{B6C21BFC-7FC8-434B-B6D8-557D7FD32ADF}.Release|Any CPU.ActiveCfg = Release|x86
		{B6C21BFC-7FC8-434B-B6D8-557D7FD32ADF}.Release|ARM.ActiveCfg = Release|ARM
		{B6C21BFC-7FC8-434B-B6D8-557D7FD32ADF}.Release|ARM.Build.0 = Release|ARM
		{B6C21BFC-7FC8-434B-B6D8-557D7FD32ADF}.Release|ARM.Deploy.0 = Release|ARM
		{B6C21BFC-7FC8-434B-B6D8-557D7FD32ADF}.Release|ARM64.ActiveCfg = Release|ARM64
		{B6C21BFC-7FC8-434B-B6D8-557D7FD32ADF}.Release|ARM64.Build.0 = Release|ARM64
		{B6C21BFC-7FC8-434B-B6D8-557D7FD32ADF}.Release|ARM64.Deploy.0 = Release|ARM64
		{B6C21BFC-7FC8-434B-B6D8-557D7FD32ADF}.Release|x64.ActiveCfg = Release|x64
		{B6C21BFC-7FC8-434B-B6D8-557D7FD32ADF}.Release|x64.Build.0 = Release|x64
		{B6C21BFC-7FC8-434B-B6D8-557D7FD32ADF}.Release|x64.Deploy.0 = Release|x64
		{B6C21BFC-7FC8-434B-B6D8-557D7FD32ADF}.Release|x86.ActiveCfg = Release|x86
		{B6C21BFC-7FC8-434B-B6D8-557D7FD32ADF}.Release|x86.Build.0 = Release|x86
		{B6C21BFC-7FC8-434B-B6D8-557D7FD32ADF}.Release|x86.Deploy.0 = Release|x86
		{B6C21BFC-7FC8-434B-B6D8-557D7FD32ADF}.ReleaseDLL_fixed|Any CPU.ActiveCfg = Store|Win32
		{B6C21BFC-7FC8-434B-B6D8-557D7FD32ADF}.ReleaseDLL_fixed|Any CPU.Build.0 = Store|Win32
		{B6C21BFC-7FC8-434B-B6D8-557D7FD32ADF}.ReleaseDLL_fixed|Any CPU.Deploy.0 = Store|Win32
		{B6C21BFC-7FC8-434B-B6D8-557D7FD32ADF}.ReleaseDLL_fixed|ARM.ActiveCfg = Release|ARM
		{B6C21BFC-7FC8-434B-B6D8-557D7FD32ADF}.ReleaseDLL_fixed|ARM.Build.0 = Release|ARM
		{B6C21BFC-7FC8-434B-B6D8-557D7FD32ADF}.ReleaseDLL_fixed|ARM.Deploy.0 = Release|ARM
		{B6C21BFC-7FC8-434B-B6D8-557D7FD32ADF}.ReleaseDLL_fixed|ARM64.ActiveCfg = Release|ARM64
		{B6C21BFC-7FC8-434B-B6D8-557D7FD32ADF}.ReleaseDLL_fixed|ARM64.Build.0 = Release|ARM64
		{B6C21BFC-7FC8-434B-B6D8-557D7FD32ADF}.ReleaseDLL_fixed|ARM64.Deploy.0 = Release|ARM64
		{B6C21BFC-7FC8-434B-B6D8-557D7FD32ADF}.ReleaseDLL_fixed|x64.ActiveCfg = Release|x64
		{B6C21BFC-7FC8-434B-B6D8-557D7FD32ADF}.ReleaseDLL_fixed|x64.Build.0 = Release|x64
		{B6C21BFC-7FC8-434B-B6D8-557D7FD32ADF}.ReleaseDLL_fixed|x64.Deploy.0 = Release|x64
		{B6C21BFC-7FC8-434B-B6D8-557D7FD32ADF}.ReleaseDLL_fixed|x86.ActiveCfg = Release|x86
		{B6C21BFC-7FC8-434B-B6D8-557D7FD32ADF}.ReleaseDLL_fixed|x86.Build.0 = Release|x86
		{B6C21BFC-7FC8-434B-B6D8-557D7FD32ADF}.ReleaseDLL_fixed|x86.Deploy.0 = Release|x86
		{B6C21BFC-7FC8-434B-B6D8-557D7FD32ADF}.ReleaseDLL|Any CPU.ActiveCfg = Store|Win32
		{B6C21BFC-7FC8-434B-B6D8-557D7FD32ADF}.ReleaseDLL|Any CPU.Build.0 = Store|Win32
		{B6C21BFC-7FC8-434B-B6D8-557D7FD32ADF}.ReleaseDLL|Any CPU.Deploy.0 = Store|Win32
		{B6C21BFC-7FC8-434B-B6D8-557D7FD32ADF}.ReleaseDLL|ARM.ActiveCfg = Release|ARM
		{B6C21BFC-7FC8-434B-B6D8-557D7FD32ADF}.ReleaseDLL|ARM.Build.0 = Release|ARM
		{B6C21BFC-7FC8-434B-B6D8-557D7FD32ADF}.ReleaseDLL|ARM.Deploy.0 = Release|ARM
		{B6C21BFC-7FC8-434B-B6D8-557D7FD32ADF}.ReleaseDLL|ARM64.ActiveCfg = Release|ARM64
		{B6C21BFC-7FC8-434B-B6D8-557D7FD32ADF}.ReleaseDLL|ARM64.Build.0 = Release|ARM64
		{B6C21BFC-7FC8-434B-B6D8-557D7FD32ADF}.ReleaseDLL|ARM64.Deploy.0 = Release|ARM64
		{B6C21BFC-7FC8-434B-B6D8-557D7FD32ADF}.ReleaseDLL|x64.ActiveCfg = Release|x64
		{B6C21BFC-7FC8-434B-B6D8-557D7FD32ADF}.ReleaseDLL|x64.Build.0 = Release|x64
		{B6C21BFC-7FC8-434B-B6D8-557D7FD32ADF}.ReleaseDLL|x64.Deploy.0 = Release|x64
		{B6C21BFC-7FC8-434B-B6D8-557D7FD32ADF}.ReleaseDLL|x86.ActiveCfg = Release|x86
		{B6C21BFC-7FC8-434B-B6D8-557D7FD32ADF}.ReleaseDLL|x86.Build.0 = Release|x86
		{B6C21BFC-7FC8-434B-B6D8-557D7FD32ADF}.ReleaseDLL|x86.Deploy.0 = Release|x86
		{B6C21BFC-7FC8-434B-B6D8-557D7FD32ADF}.Store|Any CPU.ActiveCfg = Store|x86
		{B6C21BFC-7FC8-434B-B6D8-557D7FD32ADF}.Store|ARM.ActiveCfg = Store|ARM
		{B6C21BFC-7FC8-434B-B6D8-557D7FD32ADF}.Store|ARM.Build.0 = Store|ARM
		{B6C21BFC-7FC8-434B-B6D8-557D7FD32ADF}.Store|ARM.Deploy.0 = Store|ARM
		{B6C21BFC-7FC8-434B-B6D8-557D7FD32ADF}.Store|ARM64.ActiveCfg = Store|ARM64
		{B6C21BFC-7FC8-434B-B6D8-557D7FD32ADF}.Store|ARM64.Build.0 = Store|ARM64
		{B6C21BFC-7FC8-434B-B6D8-557D7FD32ADF}.Store|ARM64.Deploy.0 = Store|ARM64
		{B6C21BFC-7FC8-434B-B6D8-557D7FD32ADF}.Store|x64.ActiveCfg = Store|x64
		{B6C21BFC-7FC8-434B-B6D8-557D7FD32ADF}.Store|x64.Build.0 = Store|x64
		{B6C21BFC-7FC8-434B-B6D8-557D7FD32ADF}.Store|x64.Deploy.0 = Store|x64
		{B6C21BFC-7FC8-434B-B6D8-557D7FD32ADF}.Store|x86.ActiveCfg = Store|x86
		{B6C21BFC-7FC8-434B-B6D8-557D7FD32ADF}.Store|x86.Build.0 = Store|x86
		{B6C21BFC-7FC8-434B-B6D8-557D7FD32ADF}.Store|x86.Deploy.0 = Store|x86
		{F061F955-5565-4D48-8111-F2F7F2241499}.Debug|Any CPU.ActiveCfg = Debug|Any CPU
		{F061F955-5565-4D48-8111-F2F7F2241499}.Debug|Any CPU.Build.0 = Debug|Any CPU
		{F061F955-5565-4D48-8111-F2F7F2241499}.Debug|ARM.ActiveCfg = Debug|ARM
		{F061F955-5565-4D48-8111-F2F7F2241499}.Debug|ARM.Build.0 = Debug|ARM
		{F061F955-5565-4D48-8111-F2F7F2241499}.Debug|ARM64.ActiveCfg = Debug|ARM64
		{F061F955-5565-4D48-8111-F2F7F2241499}.Debug|ARM64.Build.0 = Debug|ARM64
		{F061F955-5565-4D48-8111-F2F7F2241499}.Debug|x64.ActiveCfg = Debug|x64
		{F061F955-5565-4D48-8111-F2F7F2241499}.Debug|x64.Build.0 = Debug|x64
		{F061F955-5565-4D48-8111-F2F7F2241499}.Debug|x86.ActiveCfg = Debug|x86
		{F061F955-5565-4D48-8111-F2F7F2241499}.Debug|x86.Build.0 = Debug|x86
		{F061F955-5565-4D48-8111-F2F7F2241499}.DebugDLL_fixed|Any CPU.ActiveCfg = Debug|Any CPU
		{F061F955-5565-4D48-8111-F2F7F2241499}.DebugDLL_fixed|Any CPU.Build.0 = Debug|Any CPU
		{F061F955-5565-4D48-8111-F2F7F2241499}.DebugDLL_fixed|ARM.ActiveCfg = Debug|ARM
		{F061F955-5565-4D48-8111-F2F7F2241499}.DebugDLL_fixed|ARM.Build.0 = Debug|ARM
		{F061F955-5565-4D48-8111-F2F7F2241499}.DebugDLL_fixed|ARM64.ActiveCfg = Debug|ARM64
		{F061F955-5565-4D48-8111-F2F7F2241499}.DebugDLL_fixed|ARM64.Build.0 = Debug|ARM64
		{F061F955-5565-4D48-8111-F2F7F2241499}.DebugDLL_fixed|x64.ActiveCfg = Debug|x64
		{F061F955-5565-4D48-8111-F2F7F2241499}.DebugDLL_fixed|x64.Build.0 = Debug|x64
		{F061F955-5565-4D48-8111-F2F7F2241499}.DebugDLL_fixed|x86.ActiveCfg = Debug|x86
		{F061F955-5565-4D48-8111-F2F7F2241499}.DebugDLL_fixed|x86.Build.0 = Debug|x86
		{F061F955-5565-4D48-8111-F2F7F2241499}.DebugDLL|Any CPU.ActiveCfg = Debug|Any CPU
		{F061F955-5565-4D48-8111-F2F7F2241499}.DebugDLL|Any CPU.Build.0 = Debug|Any CPU
		{F061F955-5565-4D48-8111-F2F7F2241499}.DebugDLL|ARM.ActiveCfg = Debug|ARM
		{F061F955-5565-4D48-8111-F2F7F2241499}.DebugDLL|ARM.Build.0 = Debug|ARM
		{F061F955-5565-4D48-8111-F2F7F2241499}.DebugDLL|ARM64.ActiveCfg = Debug|ARM64
		{F061F955-5565-4D48-8111-F2F7F2241499}.DebugDLL|ARM64.Build.0 = Debug|ARM64
		{F061F955-5565-4D48-8111-F2F7F2241499}.DebugDLL|x64.ActiveCfg = Debug|x64
		{F061F955-5565-4D48-8111-F2F7F2241499}.DebugDLL|x64.Build.0 = Debug|x64
		{F061F955-5565-4D48-8111-F2F7F2241499}.DebugDLL|x86.ActiveCfg = Debug|x86
		{F061F955-5565-4D48-8111-F2F7F2241499}.DebugDLL|x86.Build.0 = Debug|x86
		{F061F955-5565-4D48-8111-F2F7F2241499}.Release|Any CPU.ActiveCfg = Release|Any CPU
		{F061F955-5565-4D48-8111-F2F7F2241499}.Release|Any CPU.Build.0 = Release|Any CPU
		{F061F955-5565-4D48-8111-F2F7F2241499}.Release|ARM.ActiveCfg = Release|ARM
		{F061F955-5565-4D48-8111-F2F7F2241499}.Release|ARM.Build.0 = Release|ARM
		{F061F955-5565-4D48-8111-F2F7F2241499}.Release|ARM64.ActiveCfg = Release|ARM64
		{F061F955-5565-4D48-8111-F2F7F2241499}.Release|ARM64.Build.0 = Release|ARM64
		{F061F955-5565-4D48-8111-F2F7F2241499}.Release|x64.ActiveCfg = Release|x64
		{F061F955-5565-4D48-8111-F2F7F2241499}.Release|x64.Build.0 = Release|x64
		{F061F955-5565-4D48-8111-F2F7F2241499}.Release|x86.ActiveCfg = Release|x86
		{F061F955-5565-4D48-8111-F2F7F2241499}.Release|x86.Build.0 = Release|x86
		{F061F955-5565-4D48-8111-F2F7F2241499}.ReleaseDLL_fixed|Any CPU.ActiveCfg = Release|Any CPU
		{F061F955-5565-4D48-8111-F2F7F2241499}.ReleaseDLL_fixed|Any CPU.Build.0 = Release|Any CPU
		{F061F955-5565-4D48-8111-F2F7F2241499}.ReleaseDLL_fixed|ARM.ActiveCfg = Release|ARM
		{F061F955-5565-4D48-8111-F2F7F2241499}.ReleaseDLL_fixed|ARM.Build.0 = Release|ARM
		{F061F955-5565-4D48-8111-F2F7F2241499}.ReleaseDLL_fixed|ARM64.ActiveCfg = Release|ARM64
		{F061F955-5565-4D48-8111-F2F7F2241499}.ReleaseDLL_fixed|ARM64.Build.0 = Release|ARM64
		{F061F955-5565-4D48-8111-F2F7F2241499}.ReleaseDLL_fixed|x64.ActiveCfg = Release|x64
		{F061F955-5565-4D48-8111-F2F7F2241499}.ReleaseDLL_fixed|x64.Build.0 = Release|x64
		{F061F955-5565-4D48-8111-F2F7F2241499}.ReleaseDLL_fixed|x86.ActiveCfg = Release|x86
		{F061F955-5565-4D48-8111-F2F7F2241499}.ReleaseDLL_fixed|x86.Build.0 = Release|x86
		{F061F955-5565-4D48-8111-F2F7F2241499}.ReleaseDLL|Any CPU.ActiveCfg = Release|Any CPU
		{F061F955-5565-4D48-8111-F2F7F2241499}.ReleaseDLL|Any CPU.Build.0 = Release|Any CPU
		{F061F955-5565-4D48-8111-F2F7F2241499}.ReleaseDLL|ARM.ActiveCfg = Release|ARM
		{F061F955-5565-4D48-8111-F2F7F2241499}.ReleaseDLL|ARM.Build.0 = Release|ARM
		{F061F955-5565-4D48-8111-F2F7F2241499}.ReleaseDLL|ARM64.ActiveCfg = Release|ARM64
		{F061F955-5565-4D48-8111-F2F7F2241499}.ReleaseDLL|ARM64.Build.0 = Release|ARM64
		{F061F955-5565-4D48-8111-F2F7F2241499}.ReleaseDLL|x64.ActiveCfg = Release|x64
		{F061F955-5565-4D48-8111-F2F7F2241499}.ReleaseDLL|x64.Build.0 = Release|x64
		{F061F955-5565-4D48-8111-F2F7F2241499}.ReleaseDLL|x86.ActiveCfg = Release|x86
		{F061F955-5565-4D48-8111-F2F7F2241499}.ReleaseDLL|x86.Build.0 = Release|x86
		{F061F955-5565-4D48-8111-F2F7F2241499}.Store|Any CPU.ActiveCfg = Release|Any CPU
		{F061F955-5565-4D48-8111-F2F7F2241499}.Store|Any CPU.Build.0 = Release|Any CPU
		{F061F955-5565-4D48-8111-F2F7F2241499}.Store|ARM.ActiveCfg = Release|ARM
		{F061F955-5565-4D48-8111-F2F7F2241499}.Store|ARM.Build.0 = Release|ARM
		{F061F955-5565-4D48-8111-F2F7F2241499}.Store|ARM64.ActiveCfg = Release|ARM64
		{F061F955-5565-4D48-8111-F2F7F2241499}.Store|ARM64.Build.0 = Release|ARM64
		{F061F955-5565-4D48-8111-F2F7F2241499}.Store|x64.ActiveCfg = Release|x64
		{F061F955-5565-4D48-8111-F2F7F2241499}.Store|x64.Build.0 = Release|x64
		{F061F955-5565-4D48-8111-F2F7F2241499}.Store|x86.ActiveCfg = Release|x86
		{F061F955-5565-4D48-8111-F2F7F2241499}.Store|x86.Build.0 = Release|x86
		{95D6C6BD-2D67-4395-A7C0-234FA418BA19}.Debug|Any CPU.ActiveCfg = Debug|Any CPU
		{95D6C6BD-2D67-4395-A7C0-234FA418BA19}.Debug|Any CPU.Build.0 = Debug|Any CPU
		{95D6C6BD-2D67-4395-A7C0-234FA418BA19}.Debug|ARM.ActiveCfg = Debug|Any CPU
		{95D6C6BD-2D67-4395-A7C0-234FA418BA19}.Debug|ARM.Build.0 = Debug|Any CPU
		{95D6C6BD-2D67-4395-A7C0-234FA418BA19}.Debug|ARM64.ActiveCfg = Debug|Any CPU
		{95D6C6BD-2D67-4395-A7C0-234FA418BA19}.Debug|ARM64.Build.0 = Debug|Any CPU
		{95D6C6BD-2D67-4395-A7C0-234FA418BA19}.Debug|x64.ActiveCfg = Debug|Any CPU
		{95D6C6BD-2D67-4395-A7C0-234FA418BA19}.Debug|x64.Build.0 = Debug|Any CPU
		{95D6C6BD-2D67-4395-A7C0-234FA418BA19}.Debug|x86.ActiveCfg = Debug|Any CPU
		{95D6C6BD-2D67-4395-A7C0-234FA418BA19}.Debug|x86.Build.0 = Debug|Any CPU
		{95D6C6BD-2D67-4395-A7C0-234FA418BA19}.DebugDLL_fixed|Any CPU.ActiveCfg = Debug|Any CPU
		{95D6C6BD-2D67-4395-A7C0-234FA418BA19}.DebugDLL_fixed|Any CPU.Build.0 = Debug|Any CPU
		{95D6C6BD-2D67-4395-A7C0-234FA418BA19}.DebugDLL_fixed|ARM.ActiveCfg = Debug|Any CPU
		{95D6C6BD-2D67-4395-A7C0-234FA418BA19}.DebugDLL_fixed|ARM.Build.0 = Debug|Any CPU
		{95D6C6BD-2D67-4395-A7C0-234FA418BA19}.DebugDLL_fixed|ARM64.ActiveCfg = Debug|Any CPU
		{95D6C6BD-2D67-4395-A7C0-234FA418BA19}.DebugDLL_fixed|ARM64.Build.0 = Debug|Any CPU
		{95D6C6BD-2D67-4395-A7C0-234FA418BA19}.DebugDLL_fixed|x64.ActiveCfg = Debug|Any CPU
		{95D6C6BD-2D67-4395-A7C0-234FA418BA19}.DebugDLL_fixed|x64.Build.0 = Debug|Any CPU
		{95D6C6BD-2D67-4395-A7C0-234FA418BA19}.DebugDLL_fixed|x86.ActiveCfg = Debug|Any CPU
		{95D6C6BD-2D67-4395-A7C0-234FA418BA19}.DebugDLL_fixed|x86.Build.0 = Debug|Any CPU
		{95D6C6BD-2D67-4395-A7C0-234FA418BA19}.DebugDLL|Any CPU.ActiveCfg = Debug|Any CPU
		{95D6C6BD-2D67-4395-A7C0-234FA418BA19}.DebugDLL|Any CPU.Build.0 = Debug|Any CPU
		{95D6C6BD-2D67-4395-A7C0-234FA418BA19}.DebugDLL|ARM.ActiveCfg = Debug|Any CPU
		{95D6C6BD-2D67-4395-A7C0-234FA418BA19}.DebugDLL|ARM.Build.0 = Debug|Any CPU
		{95D6C6BD-2D67-4395-A7C0-234FA418BA19}.DebugDLL|ARM64.ActiveCfg = Debug|Any CPU
		{95D6C6BD-2D67-4395-A7C0-234FA418BA19}.DebugDLL|ARM64.Build.0 = Debug|Any CPU
		{95D6C6BD-2D67-4395-A7C0-234FA418BA19}.DebugDLL|x64.ActiveCfg = Debug|Any CPU
		{95D6C6BD-2D67-4395-A7C0-234FA418BA19}.DebugDLL|x64.Build.0 = Debug|Any CPU
		{95D6C6BD-2D67-4395-A7C0-234FA418BA19}.DebugDLL|x86.ActiveCfg = Debug|Any CPU
		{95D6C6BD-2D67-4395-A7C0-234FA418BA19}.DebugDLL|x86.Build.0 = Debug|Any CPU
		{95D6C6BD-2D67-4395-A7C0-234FA418BA19}.Release|Any CPU.ActiveCfg = Release|Any CPU
		{95D6C6BD-2D67-4395-A7C0-234FA418BA19}.Release|Any CPU.Build.0 = Release|Any CPU
		{95D6C6BD-2D67-4395-A7C0-234FA418BA19}.Release|ARM.ActiveCfg = Release|Any CPU
		{95D6C6BD-2D67-4395-A7C0-234FA418BA19}.Release|ARM.Build.0 = Release|Any CPU
		{95D6C6BD-2D67-4395-A7C0-234FA418BA19}.Release|ARM64.ActiveCfg = Release|Any CPU
		{95D6C6BD-2D67-4395-A7C0-234FA418BA19}.Release|ARM64.Build.0 = Release|Any CPU
		{95D6C6BD-2D67-4395-A7C0-234FA418BA19}.Release|x64.ActiveCfg = Release|Any CPU
		{95D6C6BD-2D67-4395-A7C0-234FA418BA19}.Release|x64.Build.0 = Release|Any CPU
		{95D6C6BD-2D67-4395-A7C0-234FA418BA19}.Release|x86.ActiveCfg = Release|Any CPU
		{95D6C6BD-2D67-4395-A7C0-234FA418BA19}.Release|x86.Build.0 = Release|Any CPU
		{95D6C6BD-2D67-4395-A7C0-234FA418BA19}.ReleaseDLL_fixed|Any CPU.ActiveCfg = Release|Any CPU
		{95D6C6BD-2D67-4395-A7C0-234FA418BA19}.ReleaseDLL_fixed|Any CPU.Build.0 = Release|Any CPU
		{95D6C6BD-2D67-4395-A7C0-234FA418BA19}.ReleaseDLL_fixed|ARM.ActiveCfg = Release|Any CPU
		{95D6C6BD-2D67-4395-A7C0-234FA418BA19}.ReleaseDLL_fixed|ARM.Build.0 = Release|Any CPU
		{95D6C6BD-2D67-4395-A7C0-234FA418BA19}.ReleaseDLL_fixed|ARM64.ActiveCfg = Release|Any CPU
		{95D6C6BD-2D67-4395-A7C0-234FA418BA19}.ReleaseDLL_fixed|ARM64.Build.0 = Release|Any CPU
		{95D6C6BD-2D67-4395-A7C0-234FA418BA19}.ReleaseDLL_fixed|x64.ActiveCfg = Release|Any CPU
		{95D6C6BD-2D67-4395-A7C0-234FA418BA19}.ReleaseDLL_fixed|x64.Build.0 = Release|Any CPU
		{95D6C6BD-2D67-4395-A7C0-234FA418BA19}.ReleaseDLL_fixed|x86.ActiveCfg = Release|Any CPU
		{95D6C6BD-2D67-4395-A7C0-234FA418BA19}.ReleaseDLL_fixed|x86.Build.0 = Release|Any CPU
		{95D6C6BD-2D67-4395-A7C0-234FA418BA19}.ReleaseDLL|Any CPU.ActiveCfg = Release|Any CPU
		{95D6C6BD-2D67-4395-A7C0-234FA418BA19}.ReleaseDLL|Any CPU.Build.0 = Release|Any CPU
		{95D6C6BD-2D67-4395-A7C0-234FA418BA19}.ReleaseDLL|ARM.ActiveCfg = Release|Any CPU
		{95D6C6BD-2D67-4395-A7C0-234FA418BA19}.ReleaseDLL|ARM.Build.0 = Release|Any CPU
		{95D6C6BD-2D67-4395-A7C0-234FA418BA19}.ReleaseDLL|ARM64.ActiveCfg = Release|Any CPU
		{95D6C6BD-2D67-4395-A7C0-234FA418BA19}.ReleaseDLL|ARM64.Build.0 = Release|Any CPU
		{95D6C6BD-2D67-4395-A7C0-234FA418BA19}.ReleaseDLL|x64.ActiveCfg = Release|Any CPU
		{95D6C6BD-2D67-4395-A7C0-234FA418BA19}.ReleaseDLL|x64.Build.0 = Release|Any CPU
		{95D6C6BD-2D67-4395-A7C0-234FA418BA19}.ReleaseDLL|x86.ActiveCfg = Release|Any CPU
		{95D6C6BD-2D67-4395-A7C0-234FA418BA19}.ReleaseDLL|x86.Build.0 = Release|Any CPU
		{95D6C6BD-2D67-4395-A7C0-234FA418BA19}.Store|Any CPU.ActiveCfg = Debug|Any CPU
		{95D6C6BD-2D67-4395-A7C0-234FA418BA19}.Store|Any CPU.Build.0 = Debug|Any CPU
		{95D6C6BD-2D67-4395-A7C0-234FA418BA19}.Store|ARM.ActiveCfg = Release|Any CPU
		{95D6C6BD-2D67-4395-A7C0-234FA418BA19}.Store|ARM.Build.0 = Release|Any CPU
		{95D6C6BD-2D67-4395-A7C0-234FA418BA19}.Store|ARM64.ActiveCfg = Debug|Any CPU
		{95D6C6BD-2D67-4395-A7C0-234FA418BA19}.Store|ARM64.Build.0 = Debug|Any CPU
		{95D6C6BD-2D67-4395-A7C0-234FA418BA19}.Store|x64.ActiveCfg = Release|Any CPU
		{95D6C6BD-2D67-4395-A7C0-234FA418BA19}.Store|x64.Build.0 = Release|Any CPU
		{95D6C6BD-2D67-4395-A7C0-234FA418BA19}.Store|x86.ActiveCfg = Release|Any CPU
		{95D6C6BD-2D67-4395-A7C0-234FA418BA19}.Store|x86.Build.0 = Release|Any CPU
		{219EC965-228A-1824-174D-96449D05F88A}.Debug|Any CPU.ActiveCfg = Debug|Win32
		{219EC965-228A-1824-174D-96449D05F88A}.Debug|ARM.ActiveCfg = DebugDLL|ARM
		{219EC965-228A-1824-174D-96449D05F88A}.Debug|ARM.Build.0 = DebugDLL|ARM
		{219EC965-228A-1824-174D-96449D05F88A}.Debug|ARM64.ActiveCfg = Debug|Win32
		{219EC965-228A-1824-174D-96449D05F88A}.Debug|x64.ActiveCfg = DebugDLL|x64
		{219EC965-228A-1824-174D-96449D05F88A}.Debug|x64.Build.0 = DebugDLL|x64
		{219EC965-228A-1824-174D-96449D05F88A}.Debug|x86.ActiveCfg = DebugDLL|Win32
		{219EC965-228A-1824-174D-96449D05F88A}.Debug|x86.Build.0 = DebugDLL|Win32
		{219EC965-228A-1824-174D-96449D05F88A}.DebugDLL_fixed|Any CPU.ActiveCfg = DebugDLL_fixed|Win32
		{219EC965-228A-1824-174D-96449D05F88A}.DebugDLL_fixed|ARM.ActiveCfg = DebugDLL_fixed|ARM
		{219EC965-228A-1824-174D-96449D05F88A}.DebugDLL_fixed|ARM.Build.0 = DebugDLL_fixed|ARM
		{219EC965-228A-1824-174D-96449D05F88A}.DebugDLL_fixed|ARM64.ActiveCfg = DebugDLL_fixed|Win32
		{219EC965-228A-1824-174D-96449D05F88A}.DebugDLL_fixed|x64.ActiveCfg = DebugDLL_fixed|x64
		{219EC965-228A-1824-174D-96449D05F88A}.DebugDLL_fixed|x64.Build.0 = DebugDLL_fixed|x64
		{219EC965-228A-1824-174D-96449D05F88A}.DebugDLL_fixed|x86.ActiveCfg = DebugDLL_fixed|Win32
		{219EC965-228A-1824-174D-96449D05F88A}.DebugDLL_fixed|x86.Build.0 = DebugDLL_fixed|Win32
		{219EC965-228A-1824-174D-96449D05F88A}.DebugDLL|Any CPU.ActiveCfg = DebugDLL|Win32
		{219EC965-228A-1824-174D-96449D05F88A}.DebugDLL|ARM.ActiveCfg = DebugDLL|ARM
		{219EC965-228A-1824-174D-96449D05F88A}.DebugDLL|ARM.Build.0 = DebugDLL|ARM
		{219EC965-228A-1824-174D-96449D05F88A}.DebugDLL|ARM64.ActiveCfg = DebugDLL|Win32
		{219EC965-228A-1824-174D-96449D05F88A}.DebugDLL|x64.ActiveCfg = DebugDLL|x64
		{219EC965-228A-1824-174D-96449D05F88A}.DebugDLL|x64.Build.0 = DebugDLL|x64
		{219EC965-228A-1824-174D-96449D05F88A}.DebugDLL|x86.ActiveCfg = DebugDLL|Win32
		{219EC965-228A-1824-174D-96449D05F88A}.DebugDLL|x86.Build.0 = DebugDLL|Win32
		{219EC965-228A-1824-174D-96449D05F88A}.Release|Any CPU.ActiveCfg = Release|Win32
		{219EC965-228A-1824-174D-96449D05F88A}.Release|ARM.ActiveCfg = ReleaseDLL|ARM
		{219EC965-228A-1824-174D-96449D05F88A}.Release|ARM.Build.0 = ReleaseDLL|ARM
		{219EC965-228A-1824-174D-96449D05F88A}.Release|ARM64.ActiveCfg = Release|Win32
		{219EC965-228A-1824-174D-96449D05F88A}.Release|x64.ActiveCfg = ReleaseDLL|x64
		{219EC965-228A-1824-174D-96449D05F88A}.Release|x64.Build.0 = ReleaseDLL|x64
		{219EC965-228A-1824-174D-96449D05F88A}.Release|x86.ActiveCfg = ReleaseDLL|Win32
		{219EC965-228A-1824-174D-96449D05F88A}.Release|x86.Build.0 = ReleaseDLL|Win32
		{219EC965-228A-1824-174D-96449D05F88A}.ReleaseDLL_fixed|Any CPU.ActiveCfg = ReleaseDLL_fixed|Win32
		{219EC965-228A-1824-174D-96449D05F88A}.ReleaseDLL_fixed|ARM.ActiveCfg = ReleaseDLL_fixed|ARM
		{219EC965-228A-1824-174D-96449D05F88A}.ReleaseDLL_fixed|ARM.Build.0 = ReleaseDLL_fixed|ARM
		{219EC965-228A-1824-174D-96449D05F88A}.ReleaseDLL_fixed|ARM64.ActiveCfg = ReleaseDLL_fixed|Win32
		{219EC965-228A-1824-174D-96449D05F88A}.ReleaseDLL_fixed|x64.ActiveCfg = ReleaseDLL_fixed|x64
		{219EC965-228A-1824-174D-96449D05F88A}.ReleaseDLL_fixed|x64.Build.0 = ReleaseDLL_fixed|x64
		{219EC965-228A-1824-174D-96449D05F88A}.ReleaseDLL_fixed|x86.ActiveCfg = ReleaseDLL_fixed|Win32
		{219EC965-228A-1824-174D-96449D05F88A}.ReleaseDLL_fixed|x86.Build.0 = ReleaseDLL_fixed|Win32
		{219EC965-228A-1824-174D-96449D05F88A}.ReleaseDLL|Any CPU.ActiveCfg = ReleaseDLL|Win32
		{219EC965-228A-1824-174D-96449D05F88A}.ReleaseDLL|ARM.ActiveCfg = ReleaseDLL|ARM
		{219EC965-228A-1824-174D-96449D05F88A}.ReleaseDLL|ARM.Build.0 = ReleaseDLL|ARM
		{219EC965-228A-1824-174D-96449D05F88A}.ReleaseDLL|ARM64.ActiveCfg = ReleaseDLL|Win32
		{219EC965-228A-1824-174D-96449D05F88A}.ReleaseDLL|x64.ActiveCfg = ReleaseDLL|x64
		{219EC965-228A-1824-174D-96449D05F88A}.ReleaseDLL|x64.Build.0 = ReleaseDLL|x64
		{219EC965-228A-1824-174D-96449D05F88A}.ReleaseDLL|x86.ActiveCfg = ReleaseDLL|Win32
		{219EC965-228A-1824-174D-96449D05F88A}.ReleaseDLL|x86.Build.0 = ReleaseDLL|Win32
		{219EC965-228A-1824-174D-96449D05F88A}.Store|Any CPU.ActiveCfg = DebugDLL|x64
		{219EC965-228A-1824-174D-96449D05F88A}.Store|Any CPU.Build.0 = DebugDLL|x64
		{219EC965-228A-1824-174D-96449D05F88A}.Store|ARM.ActiveCfg = ReleaseDLL|ARM
		{219EC965-228A-1824-174D-96449D05F88A}.Store|ARM.Build.0 = ReleaseDLL|ARM
		{219EC965-228A-1824-174D-96449D05F88A}.Store|ARM64.ActiveCfg = DebugDLL|x64
		{219EC965-228A-1824-174D-96449D05F88A}.Store|ARM64.Build.0 = DebugDLL|x64
		{219EC965-228A-1824-174D-96449D05F88A}.Store|x64.ActiveCfg = ReleaseDLL|x64
		{219EC965-228A-1824-174D-96449D05F88A}.Store|x64.Build.0 = ReleaseDLL|x64
		{219EC965-228A-1824-174D-96449D05F88A}.Store|x86.ActiveCfg = ReleaseDLL|Win32
		{219EC965-228A-1824-174D-96449D05F88A}.Store|x86.Build.0 = ReleaseDLL|Win32
		{A185B162-6CB6-4502-B03F-B56F7699A8D9}.Debug|Any CPU.ActiveCfg = Debug|Win32
		{A185B162-6CB6-4502-B03F-B56F7699A8D9}.Debug|ARM.ActiveCfg = DebugDLL|ARM
		{A185B162-6CB6-4502-B03F-B56F7699A8D9}.Debug|ARM.Build.0 = DebugDLL|ARM
		{A185B162-6CB6-4502-B03F-B56F7699A8D9}.Debug|ARM64.ActiveCfg = Debug|Win32
		{A185B162-6CB6-4502-B03F-B56F7699A8D9}.Debug|x64.ActiveCfg = DebugDLL|x64
		{A185B162-6CB6-4502-B03F-B56F7699A8D9}.Debug|x64.Build.0 = DebugDLL|x64
		{A185B162-6CB6-4502-B03F-B56F7699A8D9}.Debug|x86.ActiveCfg = DebugDLL|Win32
		{A185B162-6CB6-4502-B03F-B56F7699A8D9}.Debug|x86.Build.0 = DebugDLL|Win32
		{A185B162-6CB6-4502-B03F-B56F7699A8D9}.DebugDLL_fixed|Any CPU.ActiveCfg = DebugDLL|x64
		{A185B162-6CB6-4502-B03F-B56F7699A8D9}.DebugDLL_fixed|Any CPU.Build.0 = DebugDLL|x64
		{A185B162-6CB6-4502-B03F-B56F7699A8D9}.DebugDLL_fixed|ARM.ActiveCfg = DebugDLL|ARM
		{A185B162-6CB6-4502-B03F-B56F7699A8D9}.DebugDLL_fixed|ARM.Build.0 = DebugDLL|ARM
		{A185B162-6CB6-4502-B03F-B56F7699A8D9}.DebugDLL_fixed|ARM64.ActiveCfg = DebugDLL|x64
		{A185B162-6CB6-4502-B03F-B56F7699A8D9}.DebugDLL_fixed|ARM64.Build.0 = DebugDLL|x64
		{A185B162-6CB6-4502-B03F-B56F7699A8D9}.DebugDLL_fixed|x64.ActiveCfg = DebugDLL|x64
		{A185B162-6CB6-4502-B03F-B56F7699A8D9}.DebugDLL_fixed|x64.Build.0 = DebugDLL|x64
		{A185B162-6CB6-4502-B03F-B56F7699A8D9}.DebugDLL_fixed|x86.ActiveCfg = DebugDLL|Win32
		{A185B162-6CB6-4502-B03F-B56F7699A8D9}.DebugDLL_fixed|x86.Build.0 = DebugDLL|Win32
		{A185B162-6CB6-4502-B03F-B56F7699A8D9}.DebugDLL|Any CPU.ActiveCfg = DebugDLL|Win32
		{A185B162-6CB6-4502-B03F-B56F7699A8D9}.DebugDLL|ARM.ActiveCfg = DebugDLL|ARM
		{A185B162-6CB6-4502-B03F-B56F7699A8D9}.DebugDLL|ARM.Build.0 = DebugDLL|ARM
		{A185B162-6CB6-4502-B03F-B56F7699A8D9}.DebugDLL|ARM64.ActiveCfg = DebugDLL|Win32
		{A185B162-6CB6-4502-B03F-B56F7699A8D9}.DebugDLL|x64.ActiveCfg = DebugDLL|x64
		{A185B162-6CB6-4502-B03F-B56F7699A8D9}.DebugDLL|x64.Build.0 = DebugDLL|x64
		{A185B162-6CB6-4502-B03F-B56F7699A8D9}.DebugDLL|x86.ActiveCfg = DebugDLL|Win32
		{A185B162-6CB6-4502-B03F-B56F7699A8D9}.DebugDLL|x86.Build.0 = DebugDLL|Win32
		{A185B162-6CB6-4502-B03F-B56F7699A8D9}.Release|Any CPU.ActiveCfg = Release|Win32
		{A185B162-6CB6-4502-B03F-B56F7699A8D9}.Release|ARM.ActiveCfg = ReleaseDLL|ARM
		{A185B162-6CB6-4502-B03F-B56F7699A8D9}.Release|ARM.Build.0 = ReleaseDLL|ARM
		{A185B162-6CB6-4502-B03F-B56F7699A8D9}.Release|ARM64.ActiveCfg = Release|Win32
		{A185B162-6CB6-4502-B03F-B56F7699A8D9}.Release|x64.ActiveCfg = ReleaseDLL|x64
		{A185B162-6CB6-4502-B03F-B56F7699A8D9}.Release|x64.Build.0 = ReleaseDLL|x64
		{A185B162-6CB6-4502-B03F-B56F7699A8D9}.Release|x86.ActiveCfg = ReleaseDLL|Win32
		{A185B162-6CB6-4502-B03F-B56F7699A8D9}.Release|x86.Build.0 = ReleaseDLL|Win32
		{A185B162-6CB6-4502-B03F-B56F7699A8D9}.ReleaseDLL_fixed|Any CPU.ActiveCfg = DebugDLL|x64
		{A185B162-6CB6-4502-B03F-B56F7699A8D9}.ReleaseDLL_fixed|Any CPU.Build.0 = DebugDLL|x64
		{A185B162-6CB6-4502-B03F-B56F7699A8D9}.ReleaseDLL_fixed|ARM.ActiveCfg = ReleaseDLL|ARM
		{A185B162-6CB6-4502-B03F-B56F7699A8D9}.ReleaseDLL_fixed|ARM.Build.0 = ReleaseDLL|ARM
		{A185B162-6CB6-4502-B03F-B56F7699A8D9}.ReleaseDLL_fixed|ARM64.ActiveCfg = DebugDLL|x64
		{A185B162-6CB6-4502-B03F-B56F7699A8D9}.ReleaseDLL_fixed|ARM64.Build.0 = DebugDLL|x64
		{A185B162-6CB6-4502-B03F-B56F7699A8D9}.ReleaseDLL_fixed|x64.ActiveCfg = ReleaseDLL|x64
		{A185B162-6CB6-4502-B03F-B56F7699A8D9}.ReleaseDLL_fixed|x64.Build.0 = ReleaseDLL|x64
		{A185B162-6CB6-4502-B03F-B56F7699A8D9}.ReleaseDLL_fixed|x86.ActiveCfg = ReleaseDLL|Win32
		{A185B162-6CB6-4502-B03F-B56F7699A8D9}.ReleaseDLL_fixed|x86.Build.0 = ReleaseDLL|Win32
		{A185B162-6CB6-4502-B03F-B56F7699A8D9}.ReleaseDLL|Any CPU.ActiveCfg = ReleaseDLL|Win32
		{A185B162-6CB6-4502-B03F-B56F7699A8D9}.ReleaseDLL|ARM.ActiveCfg = ReleaseDLL|ARM
		{A185B162-6CB6-4502-B03F-B56F7699A8D9}.ReleaseDLL|ARM.Build.0 = ReleaseDLL|ARM
		{A185B162-6CB6-4502-B03F-B56F7699A8D9}.ReleaseDLL|ARM64.ActiveCfg = ReleaseDLL|Win32
		{A185B162-6CB6-4502-B03F-B56F7699A8D9}.ReleaseDLL|x64.ActiveCfg = ReleaseDLL|x64
		{A185B162-6CB6-4502-B03F-B56F7699A8D9}.ReleaseDLL|x64.Build.0 = ReleaseDLL|x64
		{A185B162-6CB6-4502-B03F-B56F7699A8D9}.ReleaseDLL|x86.ActiveCfg = ReleaseDLL|Win32
		{A185B162-6CB6-4502-B03F-B56F7699A8D9}.ReleaseDLL|x86.Build.0 = ReleaseDLL|Win32
		{A185B162-6CB6-4502-B03F-B56F7699A8D9}.Store|Any CPU.ActiveCfg = DebugDLL|x64
		{A185B162-6CB6-4502-B03F-B56F7699A8D9}.Store|Any CPU.Build.0 = DebugDLL|x64
		{A185B162-6CB6-4502-B03F-B56F7699A8D9}.Store|ARM.ActiveCfg = ReleaseDLL|ARM
		{A185B162-6CB6-4502-B03F-B56F7699A8D9}.Store|ARM.Build.0 = ReleaseDLL|ARM
		{A185B162-6CB6-4502-B03F-B56F7699A8D9}.Store|ARM64.ActiveCfg = DebugDLL|x64
		{A185B162-6CB6-4502-B03F-B56F7699A8D9}.Store|ARM64.Build.0 = DebugDLL|x64
		{A185B162-6CB6-4502-B03F-B56F7699A8D9}.Store|x64.ActiveCfg = ReleaseDLL|x64
		{A185B162-6CB6-4502-B03F-B56F7699A8D9}.Store|x64.Build.0 = ReleaseDLL|x64
		{A185B162-6CB6-4502-B03F-B56F7699A8D9}.Store|x86.ActiveCfg = ReleaseDLL|Win32
		{A185B162-6CB6-4502-B03F-B56F7699A8D9}.Store|x86.Build.0 = ReleaseDLL|Win32
		{CD2E900E-41A8-4DEC-AFF9-2B467E5022BF}.Debug|Any CPU.ActiveCfg = Debug|Any CPU
		{CD2E900E-41A8-4DEC-AFF9-2B467E5022BF}.Debug|Any CPU.Build.0 = Debug|Any CPU
		{CD2E900E-41A8-4DEC-AFF9-2B467E5022BF}.Debug|ARM.ActiveCfg = Debug|ARM
		{CD2E900E-41A8-4DEC-AFF9-2B467E5022BF}.Debug|ARM.Build.0 = Debug|ARM
		{CD2E900E-41A8-4DEC-AFF9-2B467E5022BF}.Debug|ARM64.ActiveCfg = Debug|ARM64
		{CD2E900E-41A8-4DEC-AFF9-2B467E5022BF}.Debug|ARM64.Build.0 = Debug|ARM64
		{CD2E900E-41A8-4DEC-AFF9-2B467E5022BF}.Debug|x64.ActiveCfg = Debug|x64
		{CD2E900E-41A8-4DEC-AFF9-2B467E5022BF}.Debug|x64.Build.0 = Debug|x64
		{CD2E900E-41A8-4DEC-AFF9-2B467E5022BF}.Debug|x86.ActiveCfg = Debug|x86
		{CD2E900E-41A8-4DEC-AFF9-2B467E5022BF}.Debug|x86.Build.0 = Debug|x86
		{CD2E900E-41A8-4DEC-AFF9-2B467E5022BF}.DebugDLL_fixed|Any CPU.ActiveCfg = Debug|Any CPU
		{CD2E900E-41A8-4DEC-AFF9-2B467E5022BF}.DebugDLL_fixed|Any CPU.Build.0 = Debug|Any CPU
		{CD2E900E-41A8-4DEC-AFF9-2B467E5022BF}.DebugDLL_fixed|ARM.ActiveCfg = Debug|ARM
		{CD2E900E-41A8-4DEC-AFF9-2B467E5022BF}.DebugDLL_fixed|ARM.Build.0 = Debug|ARM
		{CD2E900E-41A8-4DEC-AFF9-2B467E5022BF}.DebugDLL_fixed|ARM64.ActiveCfg = Debug|ARM64
		{CD2E900E-41A8-4DEC-AFF9-2B467E5022BF}.DebugDLL_fixed|ARM64.Build.0 = Debug|ARM64
		{CD2E900E-41A8-4DEC-AFF9-2B467E5022BF}.DebugDLL_fixed|x64.ActiveCfg = Debug|x64
		{CD2E900E-41A8-4DEC-AFF9-2B467E5022BF}.DebugDLL_fixed|x64.Build.0 = Debug|x64
		{CD2E900E-41A8-4DEC-AFF9-2B467E5022BF}.DebugDLL_fixed|x86.ActiveCfg = Debug|x86
		{CD2E900E-41A8-4DEC-AFF9-2B467E5022BF}.DebugDLL_fixed|x86.Build.0 = Debug|x86
		{CD2E900E-41A8-4DEC-AFF9-2B467E5022BF}.DebugDLL|Any CPU.ActiveCfg = Debug|Any CPU
		{CD2E900E-41A8-4DEC-AFF9-2B467E5022BF}.DebugDLL|Any CPU.Build.0 = Debug|Any CPU
		{CD2E900E-41A8-4DEC-AFF9-2B467E5022BF}.DebugDLL|ARM.ActiveCfg = Debug|ARM
		{CD2E900E-41A8-4DEC-AFF9-2B467E5022BF}.DebugDLL|ARM.Build.0 = Debug|ARM
		{CD2E900E-41A8-4DEC-AFF9-2B467E5022BF}.DebugDLL|ARM64.ActiveCfg = Debug|ARM64
		{CD2E900E-41A8-4DEC-AFF9-2B467E5022BF}.DebugDLL|ARM64.Build.0 = Debug|ARM64
		{CD2E900E-41A8-4DEC-AFF9-2B467E5022BF}.DebugDLL|x64.ActiveCfg = Debug|x64
		{CD2E900E-41A8-4DEC-AFF9-2B467E5022BF}.DebugDLL|x64.Build.0 = Debug|x64
		{CD2E900E-41A8-4DEC-AFF9-2B467E5022BF}.DebugDLL|x86.ActiveCfg = Debug|x86
		{CD2E900E-41A8-4DEC-AFF9-2B467E5022BF}.DebugDLL|x86.Build.0 = Debug|x86
		{CD2E900E-41A8-4DEC-AFF9-2B467E5022BF}.Release|Any CPU.ActiveCfg = Release|Any CPU
		{CD2E900E-41A8-4DEC-AFF9-2B467E5022BF}.Release|Any CPU.Build.0 = Release|Any CPU
		{CD2E900E-41A8-4DEC-AFF9-2B467E5022BF}.Release|ARM.ActiveCfg = Release|ARM
		{CD2E900E-41A8-4DEC-AFF9-2B467E5022BF}.Release|ARM.Build.0 = Release|ARM
		{CD2E900E-41A8-4DEC-AFF9-2B467E5022BF}.Release|ARM64.ActiveCfg = Release|ARM64
		{CD2E900E-41A8-4DEC-AFF9-2B467E5022BF}.Release|ARM64.Build.0 = Release|ARM64
		{CD2E900E-41A8-4DEC-AFF9-2B467E5022BF}.Release|x64.ActiveCfg = Release|x64
		{CD2E900E-41A8-4DEC-AFF9-2B467E5022BF}.Release|x64.Build.0 = Release|x64
		{CD2E900E-41A8-4DEC-AFF9-2B467E5022BF}.Release|x86.ActiveCfg = Release|x86
		{CD2E900E-41A8-4DEC-AFF9-2B467E5022BF}.Release|x86.Build.0 = Release|x86
		{CD2E900E-41A8-4DEC-AFF9-2B467E5022BF}.ReleaseDLL_fixed|Any CPU.ActiveCfg = Release|Any CPU
		{CD2E900E-41A8-4DEC-AFF9-2B467E5022BF}.ReleaseDLL_fixed|Any CPU.Build.0 = Release|Any CPU
		{CD2E900E-41A8-4DEC-AFF9-2B467E5022BF}.ReleaseDLL_fixed|ARM.ActiveCfg = Release|ARM
		{CD2E900E-41A8-4DEC-AFF9-2B467E5022BF}.ReleaseDLL_fixed|ARM.Build.0 = Release|ARM
		{CD2E900E-41A8-4DEC-AFF9-2B467E5022BF}.ReleaseDLL_fixed|ARM64.ActiveCfg = Release|ARM64
		{CD2E900E-41A8-4DEC-AFF9-2B467E5022BF}.ReleaseDLL_fixed|ARM64.Build.0 = Release|ARM64
		{CD2E900E-41A8-4DEC-AFF9-2B467E5022BF}.ReleaseDLL_fixed|x64.ActiveCfg = Release|x64
		{CD2E900E-41A8-4DEC-AFF9-2B467E5022BF}.ReleaseDLL_fixed|x64.Build.0 = Release|x64
		{CD2E900E-41A8-4DEC-AFF9-2B467E5022BF}.ReleaseDLL_fixed|x86.ActiveCfg = Release|x86
		{CD2E900E-41A8-4DEC-AFF9-2B467E5022BF}.ReleaseDLL_fixed|x86.Build.0 = Release|x86
		{CD2E900E-41A8-4DEC-AFF9-2B467E5022BF}.ReleaseDLL|Any CPU.ActiveCfg = Release|Any CPU
		{CD2E900E-41A8-4DEC-AFF9-2B467E5022BF}.ReleaseDLL|Any CPU.Build.0 = Release|Any CPU
		{CD2E900E-41A8-4DEC-AFF9-2B467E5022BF}.ReleaseDLL|ARM.ActiveCfg = Release|ARM
		{CD2E900E-41A8-4DEC-AFF9-2B467E5022BF}.ReleaseDLL|ARM.Build.0 = Release|ARM
		{CD2E900E-41A8-4DEC-AFF9-2B467E5022BF}.ReleaseDLL|ARM64.ActiveCfg = Release|ARM64
		{CD2E900E-41A8-4DEC-AFF9-2B467E5022BF}.ReleaseDLL|ARM64.Build.0 = Release|ARM64
		{CD2E900E-41A8-4DEC-AFF9-2B467E5022BF}.ReleaseDLL|x64.ActiveCfg = Release|x64
		{CD2E900E-41A8-4DEC-AFF9-2B467E5022BF}.ReleaseDLL|x64.Build.0 = Release|x64
		{CD2E900E-41A8-4DEC-AFF9-2B467E5022BF}.ReleaseDLL|x86.ActiveCfg = Release|x86
		{CD2E900E-41A8-4DEC-AFF9-2B467E5022BF}.ReleaseDLL|x86.Build.0 = Release|x86
		{CD2E900E-41A8-4DEC-AFF9-2B467E5022BF}.Store|Any CPU.ActiveCfg = Release|Any CPU
		{CD2E900E-41A8-4DEC-AFF9-2B467E5022BF}.Store|Any CPU.Build.0 = Release|Any CPU
		{CD2E900E-41A8-4DEC-AFF9-2B467E5022BF}.Store|ARM.ActiveCfg = Release|ARM
		{CD2E900E-41A8-4DEC-AFF9-2B467E5022BF}.Store|ARM.Build.0 = Release|ARM
		{CD2E900E-41A8-4DEC-AFF9-2B467E5022BF}.Store|ARM64.ActiveCfg = Release|ARM64
		{CD2E900E-41A8-4DEC-AFF9-2B467E5022BF}.Store|ARM64.Build.0 = Release|ARM64
		{CD2E900E-41A8-4DEC-AFF9-2B467E5022BF}.Store|x64.ActiveCfg = Release|x64
		{CD2E900E-41A8-4DEC-AFF9-2B467E5022BF}.Store|x64.Build.0 = Release|x64
		{CD2E900E-41A8-4DEC-AFF9-2B467E5022BF}.Store|x86.ActiveCfg = Release|x86
		{CD2E900E-41A8-4DEC-AFF9-2B467E5022BF}.Store|x86.Build.0 = Release|x86
	EndGlobalSection
	GlobalSection(SolutionProperties) = preSolution
		HideSolutionNode = FALSE
	EndGlobalSection
	GlobalSection(NestedProjects) = preSolution
		{3D003FB3-CE19-43AB-A345-D35777C8DC71} = {3B1EC4DB-5461-4F80-968F-C1599C4E2BC4}
		{1A5B4FAD-45ED-47DC-94A0-E14A0ECB5336} = {3B1EC4DB-5461-4F80-968F-C1599C4E2BC4}
		{AF1C3F9F-BCC8-43F2-B476-F3E8E87E431C} = {3B1EC4DB-5461-4F80-968F-C1599C4E2BC4}
		{F061F955-5565-4D48-8111-F2F7F2241499} = {3B1EC4DB-5461-4F80-968F-C1599C4E2BC4}
		{95D6C6BD-2D67-4395-A7C0-234FA418BA19} = {3B1EC4DB-5461-4F80-968F-C1599C4E2BC4}
		{29620FD8-F805-446B-855F-2C3AADC19DFC} = {3B1EC4DB-5461-4F80-968F-C1599C4E2BC4}
		{219EC965-228A-1824-174D-96449D05F88A} = {29620FD8-F805-446B-855F-2C3AADC19DFC}
		{A185B162-6CB6-4502-B03F-B56F7699A8D9} = {29620FD8-F805-446B-855F-2C3AADC19DFC}
	EndGlobalSection
	GlobalSection(ExtensibilityGlobals) = postSolution
		SolutionGuid = {4B5D1E4B-0DB4-4BC8-B0FE-06A620C3A6D3}
	EndGlobalSection
EndGlobal
