
Microsoft Visual Studio Solution File, Format Version 12.00
# Visual Studio Version 17
VisualStudioVersion = 17.0.31717.71
MinimumVisualStudioVersion = 10.0.40219.1
Project("{FAE04EC0-301F-11D3-BF4B-00C04F79EFBC}") = "Unicord.Universal", "Unicord.Universal\Unicord.Universal.csproj", "{67FAEA09-9D99-4ADC-A6C3-610702B7A3DA}"
EndProject
Project("{2150E333-8FDC-42A3-9474-1A3956D46DE8}") = "Libraries", "Libraries", "{CCA36DCA-2EB5-487F-9F06-9B45323A457B}"
EndProject
Project("{9A19103F-16F7-4668-BE54-9A1E7A4F7556}") = "DSharpPlus", "Libraries\DSharpPlus\DSharpPlus\DSharpPlus.csproj", "{0F4B3AF7-9320-41AE-82D0-3737949499C7}"
EndProject
Project("{9A19103F-16F7-4668-BE54-9A1E7A4F7556}") = "MomentSharp", "Libraries\MomentSharp\MomentSharp\MomentSharp.csproj", "{8A4A933C-C579-4C36-9133-7D6721F99AEC}"
EndProject
Project("{9A19103F-16F7-4668-BE54-9A1E7A4F7556}") = "Unicode", "Libraries\unicode.net\unicode\Unicode.csproj", "{C5CA3873-BF6A-4711-ABED-F9D27D37FFB2}"
EndProject
Project("{9A19103F-16F7-4668-BE54-9A1E7A4F7556}") = "WamWooWam.Core", "Libraries\WamWooWam.Core\WamWooWam.Core\WamWooWam.Core.csproj", "{6E8E3C2C-A7D2-4971-A97D-FA831E3ECF15}"
EndProject
Project("{9A19103F-16F7-4668-BE54-9A1E7A4F7556}") = "Unicord", "Unicord\Unicord.csproj", "{31E5688D-AE40-4B4B-8D99-132805A1082B}"
EndProject
Project("{9A19103F-16F7-4668-BE54-9A1E7A4F7556}") = "DSharpPlus.Rest", "Libraries\DSharpPlus\DSharpPlus.Rest\DSharpPlus.Rest.csproj", "{C01B8589-13FE-4A6D-B159-6644977F58DE}"
EndProject
Project("{D954291E-2A0B-460D-934E-DC6B0785DB48}") = "Unicord.Universal.Shared", "Unicord.Universal.Shared\Unicord.Universal.Shared.shproj", "{118F9D67-9235-4FC6-BF23-9ABE0CD693DA}"
EndProject
Project("{2150E333-8FDC-42A3-9474-1A3956D46DE8}") = "Repository Items", "Repository Items", "{6163A08C-4E23-48B7-9ACF-C8E4A8429B33}"
	ProjectSection(SolutionItems) = preProject
		.gitignore = .gitignore
		.gitmodules = .gitmodules
		azure-pipelines.yml = azure-pipelines.yml
		README.md = README.md
	EndProjectSection
EndProject
Project("{9A19103F-16F7-4668-BE54-9A1E7A4F7556}") = "Unicord.Universal.Background", "Unicord.Universal.Background\Unicord.Universal.Background.csproj", "{03B47FB9-96C6-414F-8D98-5BB6D08C6081}"
EndProject
Project("{C7167F0D-BC9F-4E6E-AFE1-012C56B48DB5}") = "Unicord.Universal.Package", "Unicord.Universal.Package\Unicord.Universal.Package.wapproj", "{8E0255B7-B38E-423E-91C7-5637A01C2E13}"
EndProject
Global
	GlobalSection(SolutionConfigurationPlatforms) = preSolution
		Debug|Any CPU = Debug|Any CPU
		Debug|ARM = Debug|ARM
		Debug|ARM64 = Debug|ARM64
		Debug|x64 = Debug|x64
		Debug|x86 = Debug|x86
		Release|Any CPU = Release|Any CPU
		Release|ARM = Release|ARM
		Release|ARM64 = Release|ARM64
		Release|x64 = Release|x64
		Release|x86 = Release|x86
		Store|Any CPU = Store|Any CPU
		Store|ARM = Store|ARM
		Store|ARM64 = Store|ARM64
		Store|x64 = Store|x64
		Store|x86 = Store|x86
	EndGlobalSection
	GlobalSection(ProjectConfigurationPlatforms) = postSolution
		{67FAEA09-9D99-4ADC-A6C3-610702B7A3DA}.Debug|Any CPU.ActiveCfg = Debug|Any CPU
		{67FAEA09-9D99-4ADC-A6C3-610702B7A3DA}.Debug|Any CPU.Build.0 = Debug|Any CPU
		{67FAEA09-9D99-4ADC-A6C3-610702B7A3DA}.Debug|Any CPU.Deploy.0 = Debug|Any CPU
		{67FAEA09-9D99-4ADC-A6C3-610702B7A3DA}.Debug|ARM.ActiveCfg = Debug|ARM
		{67FAEA09-9D99-4ADC-A6C3-610702B7A3DA}.Debug|ARM.Build.0 = Debug|ARM
		{67FAEA09-9D99-4ADC-A6C3-610702B7A3DA}.Debug|ARM.Deploy.0 = Debug|ARM
		{67FAEA09-9D99-4ADC-A6C3-610702B7A3DA}.Debug|ARM64.ActiveCfg = Debug|ARM64
		{67FAEA09-9D99-4ADC-A6C3-610702B7A3DA}.Debug|ARM64.Build.0 = Debug|ARM64
		{67FAEA09-9D99-4ADC-A6C3-610702B7A3DA}.Debug|ARM64.Deploy.0 = Debug|ARM64
		{67FAEA09-9D99-4ADC-A6C3-610702B7A3DA}.Debug|x64.ActiveCfg = Debug|x64
		{67FAEA09-9D99-4ADC-A6C3-610702B7A3DA}.Debug|x64.Build.0 = Debug|x64
		{67FAEA09-9D99-4ADC-A6C3-610702B7A3DA}.Debug|x64.Deploy.0 = Debug|x64
		{67FAEA09-9D99-4ADC-A6C3-610702B7A3DA}.Debug|x86.ActiveCfg = Debug|x86
		{67FAEA09-9D99-4ADC-A6C3-610702B7A3DA}.Debug|x86.Build.0 = Debug|x86
		{67FAEA09-9D99-4ADC-A6C3-610702B7A3DA}.Debug|x86.Deploy.0 = Debug|x86
		{67FAEA09-9D99-4ADC-A6C3-610702B7A3DA}.Release|Any CPU.ActiveCfg = Release|Any CPU
		{67FAEA09-9D99-4ADC-A6C3-610702B7A3DA}.Release|Any CPU.Build.0 = Release|Any CPU
		{67FAEA09-9D99-4ADC-A6C3-610702B7A3DA}.Release|Any CPU.Deploy.0 = Release|Any CPU
		{67FAEA09-9D99-4ADC-A6C3-610702B7A3DA}.Release|ARM.ActiveCfg = Release|ARM
		{67FAEA09-9D99-4ADC-A6C3-610702B7A3DA}.Release|ARM.Build.0 = Release|ARM
		{67FAEA09-9D99-4ADC-A6C3-610702B7A3DA}.Release|ARM.Deploy.0 = Release|ARM
		{67FAEA09-9D99-4ADC-A6C3-610702B7A3DA}.Release|ARM64.ActiveCfg = Release|ARM64
		{67FAEA09-9D99-4ADC-A6C3-610702B7A3DA}.Release|ARM64.Build.0 = Release|ARM64
		{67FAEA09-9D99-4ADC-A6C3-610702B7A3DA}.Release|ARM64.Deploy.0 = Release|ARM64
		{67FAEA09-9D99-4ADC-A6C3-610702B7A3DA}.Release|x64.ActiveCfg = Release|x64
		{67FAEA09-9D99-4ADC-A6C3-610702B7A3DA}.Release|x64.Build.0 = Release|x64
		{67FAEA09-9D99-4ADC-A6C3-610702B7A3DA}.Release|x64.Deploy.0 = Release|x64
		{67FAEA09-9D99-4ADC-A6C3-610702B7A3DA}.Release|x86.ActiveCfg = Release|x86
		{67FAEA09-9D99-4ADC-A6C3-610702B7A3DA}.Release|x86.Build.0 = Release|x86
		{67FAEA09-9D99-4ADC-A6C3-610702B7A3DA}.Release|x86.Deploy.0 = Release|x86
		{67FAEA09-9D99-4ADC-A6C3-610702B7A3DA}.Store|Any CPU.ActiveCfg = Release|Any CPU
		{67FAEA09-9D99-4ADC-A6C3-610702B7A3DA}.Store|Any CPU.Build.0 = Release|Any CPU
		{67FAEA09-9D99-4ADC-A6C3-610702B7A3DA}.Store|Any CPU.Deploy.0 = Release|Any CPU
		{67FAEA09-9D99-4ADC-A6C3-610702B7A3DA}.Store|ARM.ActiveCfg = Release|ARM
		{67FAEA09-9D99-4ADC-A6C3-610702B7A3DA}.Store|ARM.Build.0 = Release|ARM
		{67FAEA09-9D99-4ADC-A6C3-610702B7A3DA}.Store|ARM.Deploy.0 = Release|ARM
		{67FAEA09-9D99-4ADC-A6C3-610702B7A3DA}.Store|ARM64.ActiveCfg = Release|ARM64
		{67FAEA09-9D99-4ADC-A6C3-610702B7A3DA}.Store|ARM64.Build.0 = Release|ARM64
		{67FAEA09-9D99-4ADC-A6C3-610702B7A3DA}.Store|ARM64.Deploy.0 = Release|ARM64
		{67FAEA09-9D99-4ADC-A6C3-610702B7A3DA}.Store|x64.ActiveCfg = Release|x64
		{67FAEA09-9D99-4ADC-A6C3-610702B7A3DA}.Store|x64.Build.0 = Release|x64
		{67FAEA09-9D99-4ADC-A6C3-610702B7A3DA}.Store|x64.Deploy.0 = Release|x64
		{67FAEA09-9D99-4ADC-A6C3-610702B7A3DA}.Store|x86.ActiveCfg = Release|x86
		{67FAEA09-9D99-4ADC-A6C3-610702B7A3DA}.Store|x86.Build.0 = Release|x86
		{67FAEA09-9D99-4ADC-A6C3-610702B7A3DA}.Store|x86.Deploy.0 = Release|x86
		{0F4B3AF7-9320-41AE-82D0-3737949499C7}.Debug|Any CPU.ActiveCfg = Debug|Any CPU
		{0F4B3AF7-9320-41AE-82D0-3737949499C7}.Debug|Any CPU.Build.0 = Debug|Any CPU
		{0F4B3AF7-9320-41AE-82D0-3737949499C7}.Debug|ARM.ActiveCfg = Debug|Any CPU
		{0F4B3AF7-9320-41AE-82D0-3737949499C7}.Debug|ARM.Build.0 = Debug|Any CPU
		{0F4B3AF7-9320-41AE-82D0-3737949499C7}.Debug|ARM64.ActiveCfg = Debug|Any CPU
		{0F4B3AF7-9320-41AE-82D0-3737949499C7}.Debug|ARM64.Build.0 = Debug|Any CPU
		{0F4B3AF7-9320-41AE-82D0-3737949499C7}.Debug|x64.ActiveCfg = Debug|Any CPU
		{0F4B3AF7-9320-41AE-82D0-3737949499C7}.Debug|x64.Build.0 = Debug|Any CPU
		{0F4B3AF7-9320-41AE-82D0-3737949499C7}.Debug|x86.ActiveCfg = Debug|Any CPU
		{0F4B3AF7-9320-41AE-82D0-3737949499C7}.Debug|x86.Build.0 = Debug|Any CPU
		{0F4B3AF7-9320-41AE-82D0-3737949499C7}.Release|Any CPU.ActiveCfg = Release|Any CPU
		{0F4B3AF7-9320-41AE-82D0-3737949499C7}.Release|Any CPU.Build.0 = Release|Any CPU
		{0F4B3AF7-9320-41AE-82D0-3737949499C7}.Release|ARM.ActiveCfg = Release|Any CPU
		{0F4B3AF7-9320-41AE-82D0-3737949499C7}.Release|ARM.Build.0 = Release|Any CPU
		{0F4B3AF7-9320-41AE-82D0-3737949499C7}.Release|ARM64.ActiveCfg = Release|Any CPU
		{0F4B3AF7-9320-41AE-82D0-3737949499C7}.Release|ARM64.Build.0 = Release|Any CPU
		{0F4B3AF7-9320-41AE-82D0-3737949499C7}.Release|x64.ActiveCfg = Release|Any CPU
		{0F4B3AF7-9320-41AE-82D0-3737949499C7}.Release|x64.Build.0 = Release|Any CPU
		{0F4B3AF7-9320-41AE-82D0-3737949499C7}.Release|x86.ActiveCfg = Release|Any CPU
		{0F4B3AF7-9320-41AE-82D0-3737949499C7}.Release|x86.Build.0 = Release|Any CPU
		{0F4B3AF7-9320-41AE-82D0-3737949499C7}.Store|Any CPU.ActiveCfg = Release|Any CPU
		{0F4B3AF7-9320-41AE-82D0-3737949499C7}.Store|Any CPU.Build.0 = Release|Any CPU
		{0F4B3AF7-9320-41AE-82D0-3737949499C7}.Store|ARM.ActiveCfg = Release|Any CPU
		{0F4B3AF7-9320-41AE-82D0-3737949499C7}.Store|ARM.Build.0 = Release|Any CPU
		{0F4B3AF7-9320-41AE-82D0-3737949499C7}.Store|ARM64.ActiveCfg = Release|Any CPU
		{0F4B3AF7-9320-41AE-82D0-3737949499C7}.Store|ARM64.Build.0 = Release|Any CPU
		{0F4B3AF7-9320-41AE-82D0-3737949499C7}.Store|x64.ActiveCfg = Release|Any CPU
		{0F4B3AF7-9320-41AE-82D0-3737949499C7}.Store|x64.Build.0 = Release|Any CPU
		{0F4B3AF7-9320-41AE-82D0-3737949499C7}.Store|x86.ActiveCfg = Release|Any CPU
		{0F4B3AF7-9320-41AE-82D0-3737949499C7}.Store|x86.Build.0 = Release|Any CPU
		{8A4A933C-C579-4C36-9133-7D6721F99AEC}.Debug|Any CPU.ActiveCfg = Debug|Any CPU
		{8A4A933C-C579-4C36-9133-7D6721F99AEC}.Debug|Any CPU.Build.0 = Debug|Any CPU
		{8A4A933C-C579-4C36-9133-7D6721F99AEC}.Debug|ARM.ActiveCfg = Debug|Any CPU
		{8A4A933C-C579-4C36-9133-7D6721F99AEC}.Debug|ARM.Build.0 = Debug|Any CPU
		{8A4A933C-C579-4C36-9133-7D6721F99AEC}.Debug|ARM64.ActiveCfg = Debug|Any CPU
		{8A4A933C-C579-4C36-9133-7D6721F99AEC}.Debug|ARM64.Build.0 = Debug|Any CPU
		{8A4A933C-C579-4C36-9133-7D6721F99AEC}.Debug|x64.ActiveCfg = Debug|Any CPU
		{8A4A933C-C579-4C36-9133-7D6721F99AEC}.Debug|x64.Build.0 = Debug|Any CPU
		{8A4A933C-C579-4C36-9133-7D6721F99AEC}.Debug|x86.ActiveCfg = Debug|Any CPU
		{8A4A933C-C579-4C36-9133-7D6721F99AEC}.Debug|x86.Build.0 = Debug|Any CPU
		{8A4A933C-C579-4C36-9133-7D6721F99AEC}.Release|Any CPU.ActiveCfg = Release|Any CPU
		{8A4A933C-C579-4C36-9133-7D6721F99AEC}.Release|Any CPU.Build.0 = Release|Any CPU
		{8A4A933C-C579-4C36-9133-7D6721F99AEC}.Release|ARM.ActiveCfg = Release|Any CPU
		{8A4A933C-C579-4C36-9133-7D6721F99AEC}.Release|ARM.Build.0 = Release|Any CPU
		{8A4A933C-C579-4C36-9133-7D6721F99AEC}.Release|ARM64.ActiveCfg = Release|Any CPU
		{8A4A933C-C579-4C36-9133-7D6721F99AEC}.Release|ARM64.Build.0 = Release|Any CPU
		{8A4A933C-C579-4C36-9133-7D6721F99AEC}.Release|x64.ActiveCfg = Release|Any CPU
		{8A4A933C-C579-4C36-9133-7D6721F99AEC}.Release|x64.Build.0 = Release|Any CPU
		{8A4A933C-C579-4C36-9133-7D6721F99AEC}.Release|x86.ActiveCfg = Release|Any CPU
		{8A4A933C-C579-4C36-9133-7D6721F99AEC}.Release|x86.Build.0 = Release|Any CPU
		{8A4A933C-C579-4C36-9133-7D6721F99AEC}.Store|Any CPU.ActiveCfg = Release|Any CPU
		{8A4A933C-C579-4C36-9133-7D6721F99AEC}.Store|Any CPU.Build.0 = Release|Any CPU
		{8A4A933C-C579-4C36-9133-7D6721F99AEC}.Store|ARM.ActiveCfg = Release|Any CPU
		{8A4A933C-C579-4C36-9133-7D6721F99AEC}.Store|ARM.Build.0 = Release|Any CPU
		{8A4A933C-C579-4C36-9133-7D6721F99AEC}.Store|ARM64.ActiveCfg = Release|Any CPU
		{8A4A933C-C579-4C36-9133-7D6721F99AEC}.Store|ARM64.Build.0 = Release|Any CPU
		{8A4A933C-C579-4C36-9133-7D6721F99AEC}.Store|x64.ActiveCfg = Release|Any CPU
		{8A4A933C-C579-4C36-9133-7D6721F99AEC}.Store|x64.Build.0 = Release|Any CPU
		{8A4A933C-C579-4C36-9133-7D6721F99AEC}.Store|x86.ActiveCfg = Release|Any CPU
		{8A4A933C-C579-4C36-9133-7D6721F99AEC}.Store|x86.Build.0 = Release|Any CPU
		{C5CA3873-BF6A-4711-ABED-F9D27D37FFB2}.Debug|Any CPU.ActiveCfg = Debug|Any CPU
		{C5CA3873-BF6A-4711-ABED-F9D27D37FFB2}.Debug|Any CPU.Build.0 = Debug|Any CPU
		{C5CA3873-BF6A-4711-ABED-F9D27D37FFB2}.Debug|ARM.ActiveCfg = Debug|Any CPU
		{C5CA3873-BF6A-4711-ABED-F9D27D37FFB2}.Debug|ARM.Build.0 = Debug|Any CPU
		{C5CA3873-BF6A-4711-ABED-F9D27D37FFB2}.Debug|ARM64.ActiveCfg = Debug|Any CPU
		{C5CA3873-BF6A-4711-ABED-F9D27D37FFB2}.Debug|ARM64.Build.0 = Debug|Any CPU
		{C5CA3873-BF6A-4711-ABED-F9D27D37FFB2}.Debug|x64.ActiveCfg = Debug|Any CPU
		{C5CA3873-BF6A-4711-ABED-F9D27D37FFB2}.Debug|x64.Build.0 = Debug|Any CPU
		{C5CA3873-BF6A-4711-ABED-F9D27D37FFB2}.Debug|x86.ActiveCfg = Debug|Any CPU
		{C5CA3873-BF6A-4711-ABED-F9D27D37FFB2}.Debug|x86.Build.0 = Debug|Any CPU
		{C5CA3873-BF6A-4711-ABED-F9D27D37FFB2}.Release|Any CPU.ActiveCfg = Release|Any CPU
		{C5CA3873-BF6A-4711-ABED-F9D27D37FFB2}.Release|Any CPU.Build.0 = Release|Any CPU
		{C5CA3873-BF6A-4711-ABED-F9D27D37FFB2}.Release|ARM.ActiveCfg = Release|Any CPU
		{C5CA3873-BF6A-4711-ABED-F9D27D37FFB2}.Release|ARM.Build.0 = Release|Any CPU
		{C5CA3873-BF6A-4711-ABED-F9D27D37FFB2}.Release|ARM64.ActiveCfg = Release|Any CPU
		{C5CA3873-BF6A-4711-ABED-F9D27D37FFB2}.Release|ARM64.Build.0 = Release|Any CPU
		{C5CA3873-BF6A-4711-ABED-F9D27D37FFB2}.Release|x64.ActiveCfg = Release|Any CPU
		{C5CA3873-BF6A-4711-ABED-F9D27D37FFB2}.Release|x64.Build.0 = Release|Any CPU
		{C5CA3873-BF6A-4711-ABED-F9D27D37FFB2}.Release|x86.ActiveCfg = Release|Any CPU
		{C5CA3873-BF6A-4711-ABED-F9D27D37FFB2}.Release|x86.Build.0 = Release|Any CPU
		{C5CA3873-BF6A-4711-ABED-F9D27D37FFB2}.Store|Any CPU.ActiveCfg = Release|Any CPU
		{C5CA3873-BF6A-4711-ABED-F9D27D37FFB2}.Store|Any CPU.Build.0 = Release|Any CPU
		{C5CA3873-BF6A-4711-ABED-F9D27D37FFB2}.Store|ARM.ActiveCfg = Release|Any CPU
		{C5CA3873-BF6A-4711-ABED-F9D27D37FFB2}.Store|ARM.Build.0 = Release|Any CPU
		{C5CA3873-BF6A-4711-ABED-F9D27D37FFB2}.Store|ARM64.ActiveCfg = Release|Any CPU
		{C5CA3873-BF6A-4711-ABED-F9D27D37FFB2}.Store|ARM64.Build.0 = Release|Any CPU
		{C5CA3873-BF6A-4711-ABED-F9D27D37FFB2}.Store|x64.ActiveCfg = Release|Any CPU
		{C5CA3873-BF6A-4711-ABED-F9D27D37FFB2}.Store|x64.Build.0 = Release|Any CPU
		{C5CA3873-BF6A-4711-ABED-F9D27D37FFB2}.Store|x86.ActiveCfg = Release|Any CPU
		{C5CA3873-BF6A-4711-ABED-F9D27D37FFB2}.Store|x86.Build.0 = Release|Any CPU
		{6E8E3C2C-A7D2-4971-A97D-FA831E3ECF15}.Debug|Any CPU.ActiveCfg = Debug|Any CPU
		{6E8E3C2C-A7D2-4971-A97D-FA831E3ECF15}.Debug|Any CPU.Build.0 = Debug|Any CPU
		{6E8E3C2C-A7D2-4971-A97D-FA831E3ECF15}.Debug|ARM.ActiveCfg = Debug|Any CPU
		{6E8E3C2C-A7D2-4971-A97D-FA831E3ECF15}.Debug|ARM.Build.0 = Debug|Any CPU
		{6E8E3C2C-A7D2-4971-A97D-FA831E3ECF15}.Debug|ARM64.ActiveCfg = Debug|Any CPU
		{6E8E3C2C-A7D2-4971-A97D-FA831E3ECF15}.Debug|ARM64.Build.0 = Debug|Any CPU
		{6E8E3C2C-A7D2-4971-A97D-FA831E3ECF15}.Debug|x64.ActiveCfg = Debug|x64
		{6E8E3C2C-A7D2-4971-A97D-FA831E3ECF15}.Debug|x64.Build.0 = Debug|x64
		{6E8E3C2C-A7D2-4971-A97D-FA831E3ECF15}.Debug|x86.ActiveCfg = Debug|x86
		{6E8E3C2C-A7D2-4971-A97D-FA831E3ECF15}.Debug|x86.Build.0 = Debug|x86
		{6E8E3C2C-A7D2-4971-A97D-FA831E3ECF15}.Release|Any CPU.ActiveCfg = Release|Any CPU
		{6E8E3C2C-A7D2-4971-A97D-FA831E3ECF15}.Release|Any CPU.Build.0 = Release|Any CPU
		{6E8E3C2C-A7D2-4971-A97D-FA831E3ECF15}.Release|ARM.ActiveCfg = Release|Any CPU
		{6E8E3C2C-A7D2-4971-A97D-FA831E3ECF15}.Release|ARM.Build.0 = Release|Any CPU
		{6E8E3C2C-A7D2-4971-A97D-FA831E3ECF15}.Release|ARM64.ActiveCfg = Release|Any CPU
		{6E8E3C2C-A7D2-4971-A97D-FA831E3ECF15}.Release|ARM64.Build.0 = Release|Any CPU
		{6E8E3C2C-A7D2-4971-A97D-FA831E3ECF15}.Release|x64.ActiveCfg = Release|x64
		{6E8E3C2C-A7D2-4971-A97D-FA831E3ECF15}.Release|x64.Build.0 = Release|x64
		{6E8E3C2C-A7D2-4971-A97D-FA831E3ECF15}.Release|x86.ActiveCfg = Release|x86
		{6E8E3C2C-A7D2-4971-A97D-FA831E3ECF15}.Release|x86.Build.0 = Release|x86
		{6E8E3C2C-A7D2-4971-A97D-FA831E3ECF15}.Store|Any CPU.ActiveCfg = Store|Any CPU
		{6E8E3C2C-A7D2-4971-A97D-FA831E3ECF15}.Store|Any CPU.Build.0 = Store|Any CPU
		{6E8E3C2C-A7D2-4971-A97D-FA831E3ECF15}.Store|ARM.ActiveCfg = Store|Any CPU
		{6E8E3C2C-A7D2-4971-A97D-FA831E3ECF15}.Store|ARM.Build.0 = Store|Any CPU
		{6E8E3C2C-A7D2-4971-A97D-FA831E3ECF15}.Store|ARM64.ActiveCfg = Store|Any CPU
		{6E8E3C2C-A7D2-4971-A97D-FA831E3ECF15}.Store|ARM64.Build.0 = Store|Any CPU
		{6E8E3C2C-A7D2-4971-A97D-FA831E3ECF15}.Store|x64.ActiveCfg = Store|x64
		{6E8E3C2C-A7D2-4971-A97D-FA831E3ECF15}.Store|x64.Build.0 = Store|x64
		{6E8E3C2C-A7D2-4971-A97D-FA831E3ECF15}.Store|x86.ActiveCfg = Store|x86
		{6E8E3C2C-A7D2-4971-A97D-FA831E3ECF15}.Store|x86.Build.0 = Store|x86
		{31E5688D-AE40-4B4B-8D99-132805A1082B}.Debug|Any CPU.ActiveCfg = Debug|Any CPU
		{31E5688D-AE40-4B4B-8D99-132805A1082B}.Debug|Any CPU.Build.0 = Debug|Any CPU
		{31E5688D-AE40-4B4B-8D99-132805A1082B}.Debug|ARM.ActiveCfg = Debug|Any CPU
		{31E5688D-AE40-4B4B-8D99-132805A1082B}.Debug|ARM.Build.0 = Debug|Any CPU
		{31E5688D-AE40-4B4B-8D99-132805A1082B}.Debug|ARM64.ActiveCfg = Debug|Any CPU
		{31E5688D-AE40-4B4B-8D99-132805A1082B}.Debug|ARM64.Build.0 = Debug|Any CPU
		{31E5688D-AE40-4B4B-8D99-132805A1082B}.Debug|x64.ActiveCfg = Debug|Any CPU
		{31E5688D-AE40-4B4B-8D99-132805A1082B}.Debug|x64.Build.0 = Debug|Any CPU
		{31E5688D-AE40-4B4B-8D99-132805A1082B}.Debug|x86.ActiveCfg = Debug|Any CPU
		{31E5688D-AE40-4B4B-8D99-132805A1082B}.Debug|x86.Build.0 = Debug|Any CPU
		{31E5688D-AE40-4B4B-8D99-132805A1082B}.Release|Any CPU.ActiveCfg = Release|Any CPU
		{31E5688D-AE40-4B4B-8D99-132805A1082B}.Release|Any CPU.Build.0 = Release|Any CPU
		{31E5688D-AE40-4B4B-8D99-132805A1082B}.Release|ARM.ActiveCfg = Release|Any CPU
		{31E5688D-AE40-4B4B-8D99-132805A1082B}.Release|ARM.Build.0 = Release|Any CPU
		{31E5688D-AE40-4B4B-8D99-132805A1082B}.Release|ARM64.ActiveCfg = Release|Any CPU
		{31E5688D-AE40-4B4B-8D99-132805A1082B}.Release|ARM64.Build.0 = Release|Any CPU
		{31E5688D-AE40-4B4B-8D99-132805A1082B}.Release|x64.ActiveCfg = Release|Any CPU
		{31E5688D-AE40-4B4B-8D99-132805A1082B}.Release|x64.Build.0 = Release|Any CPU
		{31E5688D-AE40-4B4B-8D99-132805A1082B}.Release|x86.ActiveCfg = Release|Any CPU
		{31E5688D-AE40-4B4B-8D99-132805A1082B}.Release|x86.Build.0 = Release|Any CPU
		{31E5688D-AE40-4B4B-8D99-132805A1082B}.Store|Any CPU.ActiveCfg = Release|Any CPU
		{31E5688D-AE40-4B4B-8D99-132805A1082B}.Store|Any CPU.Build.0 = Release|Any CPU
		{31E5688D-AE40-4B4B-8D99-132805A1082B}.Store|ARM.ActiveCfg = Release|Any CPU
		{31E5688D-AE40-4B4B-8D99-132805A1082B}.Store|ARM.Build.0 = Release|Any CPU
		{31E5688D-AE40-4B4B-8D99-132805A1082B}.Store|ARM64.ActiveCfg = Release|Any CPU
		{31E5688D-AE40-4B4B-8D99-132805A1082B}.Store|ARM64.Build.0 = Release|Any CPU
		{31E5688D-AE40-4B4B-8D99-132805A1082B}.Store|x64.ActiveCfg = Release|Any CPU
		{31E5688D-AE40-4B4B-8D99-132805A1082B}.Store|x64.Build.0 = Release|Any CPU
		{31E5688D-AE40-4B4B-8D99-132805A1082B}.Store|x86.ActiveCfg = Release|Any CPU
		{31E5688D-AE40-4B4B-8D99-132805A1082B}.Store|x86.Build.0 = Release|Any CPU
		{C01B8589-13FE-4A6D-B159-6644977F58DE}.Debug|Any CPU.ActiveCfg = Debug|Any CPU
		{C01B8589-13FE-4A6D-B159-6644977F58DE}.Debug|Any CPU.Build.0 = Debug|Any CPU
		{C01B8589-13FE-4A6D-B159-6644977F58DE}.Debug|ARM.ActiveCfg = Debug|Any CPU
		{C01B8589-13FE-4A6D-B159-6644977F58DE}.Debug|ARM.Build.0 = Debug|Any CPU
		{C01B8589-13FE-4A6D-B159-6644977F58DE}.Debug|ARM64.ActiveCfg = Debug|Any CPU
		{C01B8589-13FE-4A6D-B159-6644977F58DE}.Debug|ARM64.Build.0 = Debug|Any CPU
		{C01B8589-13FE-4A6D-B159-6644977F58DE}.Debug|x64.ActiveCfg = Debug|Any CPU
		{C01B8589-13FE-4A6D-B159-6644977F58DE}.Debug|x64.Build.0 = Debug|Any CPU
		{C01B8589-13FE-4A6D-B159-6644977F58DE}.Debug|x86.ActiveCfg = Debug|Any CPU
		{C01B8589-13FE-4A6D-B159-6644977F58DE}.Debug|x86.Build.0 = Debug|Any CPU
		{C01B8589-13FE-4A6D-B159-6644977F58DE}.Release|Any CPU.ActiveCfg = Release|Any CPU
		{C01B8589-13FE-4A6D-B159-6644977F58DE}.Release|Any CPU.Build.0 = Release|Any CPU
		{C01B8589-13FE-4A6D-B159-6644977F58DE}.Release|ARM.ActiveCfg = Release|Any CPU
		{C01B8589-13FE-4A6D-B159-6644977F58DE}.Release|ARM.Build.0 = Release|Any CPU
		{C01B8589-13FE-4A6D-B159-6644977F58DE}.Release|ARM64.ActiveCfg = Release|Any CPU
		{C01B8589-13FE-4A6D-B159-6644977F58DE}.Release|ARM64.Build.0 = Release|Any CPU
		{C01B8589-13FE-4A6D-B159-6644977F58DE}.Release|x64.ActiveCfg = Release|Any CPU
		{C01B8589-13FE-4A6D-B159-6644977F58DE}.Release|x64.Build.0 = Release|Any CPU
		{C01B8589-13FE-4A6D-B159-6644977F58DE}.Release|x86.ActiveCfg = Release|Any CPU
		{C01B8589-13FE-4A6D-B159-6644977F58DE}.Release|x86.Build.0 = Release|Any CPU
		{C01B8589-13FE-4A6D-B159-6644977F58DE}.Store|Any CPU.ActiveCfg = Release|Any CPU
		{C01B8589-13FE-4A6D-B159-6644977F58DE}.Store|Any CPU.Build.0 = Release|Any CPU
		{C01B8589-13FE-4A6D-B159-6644977F58DE}.Store|ARM.ActiveCfg = Release|Any CPU
		{C01B8589-13FE-4A6D-B159-6644977F58DE}.Store|ARM.Build.0 = Release|Any CPU
		{C01B8589-13FE-4A6D-B159-6644977F58DE}.Store|ARM64.ActiveCfg = Release|Any CPU
		{C01B8589-13FE-4A6D-B159-6644977F58DE}.Store|ARM64.Build.0 = Release|Any CPU
		{C01B8589-13FE-4A6D-B159-6644977F58DE}.Store|x64.ActiveCfg = Release|Any CPU
		{C01B8589-13FE-4A6D-B159-6644977F58DE}.Store|x64.Build.0 = Release|Any CPU
		{C01B8589-13FE-4A6D-B159-6644977F58DE}.Store|x86.ActiveCfg = Release|Any CPU
		{C01B8589-13FE-4A6D-B159-6644977F58DE}.Store|x86.Build.0 = Release|Any CPU
		{03B47FB9-96C6-414F-8D98-5BB6D08C6081}.Debug|Any CPU.ActiveCfg = Debug|Any CPU
		{03B47FB9-96C6-414F-8D98-5BB6D08C6081}.Debug|Any CPU.Build.0 = Debug|Any CPU
		{03B47FB9-96C6-414F-8D98-5BB6D08C6081}.Debug|ARM.ActiveCfg = Debug|ARM
		{03B47FB9-96C6-414F-8D98-5BB6D08C6081}.Debug|ARM.Build.0 = Debug|ARM
		{03B47FB9-96C6-414F-8D98-5BB6D08C6081}.Debug|ARM64.ActiveCfg = Debug|ARM64
		{03B47FB9-96C6-414F-8D98-5BB6D08C6081}.Debug|ARM64.Build.0 = Debug|ARM64
		{03B47FB9-96C6-414F-8D98-5BB6D08C6081}.Debug|x64.ActiveCfg = Debug|x64
		{03B47FB9-96C6-414F-8D98-5BB6D08C6081}.Debug|x64.Build.0 = Debug|x64
		{03B47FB9-96C6-414F-8D98-5BB6D08C6081}.Debug|x86.ActiveCfg = Debug|x86
		{03B47FB9-96C6-414F-8D98-5BB6D08C6081}.Debug|x86.Build.0 = Debug|x86
		{03B47FB9-96C6-414F-8D98-5BB6D08C6081}.Release|Any CPU.ActiveCfg = Release|Any CPU
		{03B47FB9-96C6-414F-8D98-5BB6D08C6081}.Release|Any CPU.Build.0 = Release|Any CPU
		{03B47FB9-96C6-414F-8D98-5BB6D08C6081}.Release|ARM.ActiveCfg = Release|ARM
		{03B47FB9-96C6-414F-8D98-5BB6D08C6081}.Release|ARM.Build.0 = Release|ARM
		{03B47FB9-96C6-414F-8D98-5BB6D08C6081}.Release|ARM64.ActiveCfg = Release|ARM64
		{03B47FB9-96C6-414F-8D98-5BB6D08C6081}.Release|ARM64.Build.0 = Release|ARM64
		{03B47FB9-96C6-414F-8D98-5BB6D08C6081}.Release|x64.ActiveCfg = Release|x64
		{03B47FB9-96C6-414F-8D98-5BB6D08C6081}.Release|x64.Build.0 = Release|x64
		{03B47FB9-96C6-414F-8D98-5BB6D08C6081}.Release|x86.ActiveCfg = Release|x86
		{03B47FB9-96C6-414F-8D98-5BB6D08C6081}.Release|x86.Build.0 = Release|x86
		{03B47FB9-96C6-414F-8D98-5BB6D08C6081}.Store|Any CPU.ActiveCfg = Debug|Any CPU
		{03B47FB9-96C6-414F-8D98-5BB6D08C6081}.Store|Any CPU.Build.0 = Debug|Any CPU
		{03B47FB9-96C6-414F-8D98-5BB6D08C6081}.Store|ARM.ActiveCfg = Debug|ARM
		{03B47FB9-96C6-414F-8D98-5BB6D08C6081}.Store|ARM.Build.0 = Debug|ARM
		{03B47FB9-96C6-414F-8D98-5BB6D08C6081}.Store|ARM64.ActiveCfg = Debug|ARM64
		{03B47FB9-96C6-414F-8D98-5BB6D08C6081}.Store|ARM64.Build.0 = Debug|ARM64
		{03B47FB9-96C6-414F-8D98-5BB6D08C6081}.Store|x64.ActiveCfg = Debug|x64
		{03B47FB9-96C6-414F-8D98-5BB6D08C6081}.Store|x64.Build.0 = Debug|x64
		{03B47FB9-96C6-414F-8D98-5BB6D08C6081}.Store|x86.ActiveCfg = Debug|x86
		{03B47FB9-96C6-414F-8D98-5BB6D08C6081}.Store|x86.Build.0 = Debug|x86
		{8E0255B7-B38E-423E-91C7-5637A01C2E13}.Debug|Any CPU.ActiveCfg = Debug|Any CPU
		{8E0255B7-B38E-423E-91C7-5637A01C2E13}.Debug|Any CPU.Build.0 = Debug|Any CPU
		{8E0255B7-B38E-423E-91C7-5637A01C2E13}.Debug|Any CPU.Deploy.0 = Debug|Any CPU
		{8E0255B7-B38E-423E-91C7-5637A01C2E13}.Debug|ARM.ActiveCfg = Debug|ARM
		{8E0255B7-B38E-423E-91C7-5637A01C2E13}.Debug|ARM.Build.0 = Debug|ARM
		{8E0255B7-B38E-423E-91C7-5637A01C2E13}.Debug|ARM.Deploy.0 = Debug|ARM
		{8E0255B7-B38E-423E-91C7-5637A01C2E13}.Debug|ARM64.ActiveCfg = Debug|ARM64
		{8E0255B7-B38E-423E-91C7-5637A01C2E13}.Debug|ARM64.Build.0 = Debug|ARM64
		{8E0255B7-B38E-423E-91C7-5637A01C2E13}.Debug|ARM64.Deploy.0 = Debug|ARM64
		{8E0255B7-B38E-423E-91C7-5637A01C2E13}.Debug|x64.ActiveCfg = Debug|x64
		{8E0255B7-B38E-423E-91C7-5637A01C2E13}.Debug|x64.Build.0 = Debug|x64
		{8E0255B7-B38E-423E-91C7-5637A01C2E13}.Debug|x64.Deploy.0 = Debug|x64
		{8E0255B7-B38E-423E-91C7-5637A01C2E13}.Debug|x86.ActiveCfg = Debug|x86
		{8E0255B7-B38E-423E-91C7-5637A01C2E13}.Debug|x86.Build.0 = Debug|x86
		{8E0255B7-B38E-423E-91C7-5637A01C2E13}.Debug|x86.Deploy.0 = Debug|x86
		{8E0255B7-B38E-423E-91C7-5637A01C2E13}.Release|Any CPU.ActiveCfg = Release|Any CPU
		{8E0255B7-B38E-423E-91C7-5637A01C2E13}.Release|Any CPU.Build.0 = Release|Any CPU
		{8E0255B7-B38E-423E-91C7-5637A01C2E13}.Release|Any CPU.Deploy.0 = Release|Any CPU
		{8E0255B7-B38E-423E-91C7-5637A01C2E13}.Release|ARM.ActiveCfg = Release|ARM
		{8E0255B7-B38E-423E-91C7-5637A01C2E13}.Release|ARM.Build.0 = Release|ARM
		{8E0255B7-B38E-423E-91C7-5637A01C2E13}.Release|ARM.Deploy.0 = Release|ARM
		{8E0255B7-B38E-423E-91C7-5637A01C2E13}.Release|ARM64.ActiveCfg = Release|ARM64
		{8E0255B7-B38E-423E-91C7-5637A01C2E13}.Release|ARM64.Build.0 = Release|ARM64
		{8E0255B7-B38E-423E-91C7-5637A01C2E13}.Release|ARM64.Deploy.0 = Release|ARM64
		{8E0255B7-B38E-423E-91C7-5637A01C2E13}.Release|x64.ActiveCfg = Release|x64
		{8E0255B7-B38E-423E-91C7-5637A01C2E13}.Release|x64.Build.0 = Release|x64
		{8E0255B7-B38E-423E-91C7-5637A01C2E13}.Release|x64.Deploy.0 = Release|x64
		{8E0255B7-B38E-423E-91C7-5637A01C2E13}.Release|x86.ActiveCfg = Release|x86
		{8E0255B7-B38E-423E-91C7-5637A01C2E13}.Release|x86.Build.0 = Release|x86
		{8E0255B7-B38E-423E-91C7-5637A01C2E13}.Release|x86.Deploy.0 = Release|x86
		{8E0255B7-B38E-423E-91C7-5637A01C2E13}.Store|Any CPU.ActiveCfg = Store|Any CPU
		{8E0255B7-B38E-423E-91C7-5637A01C2E13}.Store|Any CPU.Build.0 = Store|Any CPU
		{8E0255B7-B38E-423E-91C7-5637A01C2E13}.Store|Any CPU.Deploy.0 = Store|Any CPU
		{8E0255B7-B38E-423E-91C7-5637A01C2E13}.Store|ARM.ActiveCfg = Store|arm
		{8E0255B7-B38E-423E-91C7-5637A01C2E13}.Store|ARM.Build.0 = Store|arm
		{8E0255B7-B38E-423E-91C7-5637A01C2E13}.Store|ARM.Deploy.0 = Store|arm
		{8E0255B7-B38E-423E-91C7-5637A01C2E13}.Store|ARM64.ActiveCfg = Store|ARM64
		{8E0255B7-B38E-423E-91C7-5637A01C2E13}.Store|ARM64.Build.0 = Store|ARM64
		{8E0255B7-B38E-423E-91C7-5637A01C2E13}.Store|ARM64.Deploy.0 = Store|ARM64
		{8E0255B7-B38E-423E-91C7-5637A01C2E13}.Store|x64.ActiveCfg = Store|x64
		{8E0255B7-B38E-423E-91C7-5637A01C2E13}.Store|x64.Build.0 = Store|x64
		{8E0255B7-B38E-423E-91C7-5637A01C2E13}.Store|x64.Deploy.0 = Store|x64
		{8E0255B7-B38E-423E-91C7-5637A01C2E13}.Store|x86.ActiveCfg = Store|x86
		{8E0255B7-B38E-423E-91C7-5637A01C2E13}.Store|x86.Build.0 = Store|x86
		{8E0255B7-B38E-423E-91C7-5637A01C2E13}.Store|x86.Deploy.0 = Store|x86
	EndGlobalSection
	GlobalSection(SolutionProperties) = preSolution
		HideSolutionNode = FALSE
	EndGlobalSection
	GlobalSection(NestedProjects) = preSolution
		{0F4B3AF7-9320-41AE-82D0-3737949499C7} = {CCA36DCA-2EB5-487F-9F06-9B45323A457B}
		{8A4A933C-C579-4C36-9133-7D6721F99AEC} = {CCA36DCA-2EB5-487F-9F06-9B45323A457B}
		{C5CA3873-BF6A-4711-ABED-F9D27D37FFB2} = {CCA36DCA-2EB5-487F-9F06-9B45323A457B}
		{6E8E3C2C-A7D2-4971-A97D-FA831E3ECF15} = {CCA36DCA-2EB5-487F-9F06-9B45323A457B}
		{31E5688D-AE40-4B4B-8D99-132805A1082B} = {CCA36DCA-2EB5-487F-9F06-9B45323A457B}
		{C01B8589-13FE-4A6D-B159-6644977F58DE} = {CCA36DCA-2EB5-487F-9F06-9B45323A457B}
	EndGlobalSection
	GlobalSection(ExtensibilityGlobals) = postSolution
		SolutionGuid = {9C626B6A-B15B-4ECF-9695-05B4FE30973C}
	EndGlobalSection
	GlobalSection(SharedMSBuildProjectFiles) = preSolution
		Unicord.Universal.Shared\Unicord.Universal.Shared.projitems*{03b47fb9-96c6-414f-8d98-5bb6d08c6081}*SharedItemsImports = 5
		Unicord.Universal.Shared\Unicord.Universal.Shared.projitems*{118f9d67-9235-4fc6-bf23-9abe0cd693da}*SharedItemsImports = 13
		Unicord.Universal.Shared\Unicord.Universal.Shared.projitems*{67faea09-9d99-4adc-a6c3-610702b7a3da}*SharedItemsImports = 4
	EndGlobalSection
EndGlobal
