
Microsoft Visual Studio Solution File, Format Version 12.00
# Visual Studio 15
VisualStudioVersion = 15.0.27110.0
MinimumVisualStudioVersion = 10.0.40219.1
Project("{FAE04EC0-301F-11D3-BF4B-00C04F79EFBC}") = "Testapp", "Testapp\Testapp.csproj", "{1A97A314-5260-4F0A-B45A-A3E8B1F6A140}"
EndProject
Project("{FAE04EC0-301F-11D3-BF4B-00C04F79EFBC}") = "WamWooWam.Core", "WamWooWam.Core\WamWooWam.Core.csproj", "{753A8D7E-72BF-4E1B-A3E5-5B60615CFC8D}"
EndProject
Project("{FAE04EC0-301F-11D3-BF4B-00C04F79EFBC}") = "WamWooWam.Core.Serialisation", "WamWooWam.Core.Json\WamWooWam.Core.Serialisation.csproj", "{306DA5B0-4109-46CA-974C-96E61E5465FE}"
EndProject
Global
	GlobalSection(SolutionConfigurationPlatforms) = preSolution
		Debug|Any CPU = Debug|Any CPU
		Release|Any CPU = Release|Any CPU
	EndGlobalSection
	GlobalSection(ProjectConfigurationPlatforms) = postSolution
		{1A97A314-5260-4F0A-B45A-A3E8B1F6A140}.Debug|Any CPU.ActiveCfg = Debug|Any CPU
		{1A97A314-5260-4F0A-B45A-A3E8B1F6A140}.Debug|Any CPU.Build.0 = Debug|Any CPU
		{1A97A314-5260-4F0A-B45A-A3E8B1F6A140}.Release|Any CPU.ActiveCfg = Release|Any CPU
		{1A97A314-5260-4F0A-B45A-A3E8B1F6A140}.Release|Any CPU.Build.0 = Release|Any CPU
		{753A8D7E-72BF-4E1B-A3E5-5B60615CFC8D}.Debug|Any CPU.ActiveCfg = Debug|Any CPU
		{753A8D7E-72BF-4E1B-A3E5-5B60615CFC8D}.Debug|Any CPU.Build.0 = Debug|Any CPU
		{753A8D7E-72BF-4E1B-A3E5-5B60615CFC8D}.Release|Any CPU.ActiveCfg = Release|Any CPU
		{753A8D7E-72BF-4E1B-A3E5-5B60615CFC8D}.Release|Any CPU.Build.0 = Release|Any CPU
		{306DA5B0-4109-46CA-974C-96E61E5465FE}.Debug|Any CPU.ActiveCfg = Debug|Any CPU
		{306DA5B0-4109-46CA-974C-96E61E5465FE}.Debug|Any CPU.Build.0 = Debug|Any CPU
		{306DA5B0-4109-46CA-974C-96E61E5465FE}.Release|Any CPU.ActiveCfg = Release|Any CPU
		{306DA5B0-4109-46CA-974C-96E61E5465FE}.Release|Any CPU.Build.0 = Release|Any CPU
	EndGlobalSection
	GlobalSection(SolutionProperties) = preSolution
		HideSolutionNode = FALSE
	EndGlobalSection
	GlobalSection(ExtensibilityGlobals) = postSolution
		SolutionGuid = {850A5986-3D72-404B-A469-09F704DC8B9B}
	EndGlobalSection
EndGlobal
