
Microsoft Visual Studio Solution File, Format Version 12.00
# Visual Studio 15
VisualStudioVersion = 15.0.27703.2026
MinimumVisualStudioVersion = 10.0.40219.1
Project("{FAE04EC0-301F-11D3-BF4B-00C04F79EFBC}") = "WamWooWam.Wpf", "WamWooWam.Wpf\WamWooWam.Wpf.csproj", "{1E367189-ADD4-4299-9A2D-08CC4DCAA039}"
EndProject
Project("{FAE04EC0-301F-11D3-BF4B-00C04F79EFBC}") = "WamWooWam.Wpf.Test", "WamWooWam.Wpf.Test\WamWooWam.Wpf.Test.csproj", "{84C8BDDF-6CA3-4166-BFE9-918A1264C8BE}"
EndProject
Global
	GlobalSection(SolutionConfigurationPlatforms) = preSolution
		Debug|Any CPU = Debug|Any CPU
		Release|Any CPU = Release|Any CPU
	EndGlobalSection
	GlobalSection(ProjectConfigurationPlatforms) = postSolution
		{1E367189-ADD4-4299-9A2D-08CC4DCAA039}.Debug|Any CPU.ActiveCfg = Debug|Any CPU
		{1E367189-ADD4-4299-9A2D-08CC4DCAA039}.Debug|Any CPU.Build.0 = Debug|Any CPU
		{1E367189-ADD4-4299-9A2D-08CC4DCAA039}.Release|Any CPU.ActiveCfg = Release|Any CPU
		{1E367189-ADD4-4299-9A2D-08CC4DCAA039}.Release|Any CPU.Build.0 = Release|Any CPU
		{84C8BDDF-6CA3-4166-BFE9-918A1264C8BE}.Debug|Any CPU.ActiveCfg = Debug|Any CPU
		{84C8BDDF-6CA3-4166-BFE9-918A1264C8BE}.Debug|Any CPU.Build.0 = Debug|Any CPU
		{84C8BDDF-6CA3-4166-BFE9-918A1264C8BE}.Release|Any CPU.ActiveCfg = Release|Any CPU
		{84C8BDDF-6CA3-4166-BFE9-918A1264C8BE}.Release|Any CPU.Build.0 = Release|Any CPU
	EndGlobalSection
	GlobalSection(SolutionProperties) = preSolution
		HideSolutionNode = FALSE
	EndGlobalSection
	GlobalSection(ExtensibilityGlobals) = postSolution
		SolutionGuid = {2F58C918-9B24-4498-B956-E738BEDAF25B}
	EndGlobalSection
EndGlobal
