<?xml version="1.0" encoding="utf-8"?>
<Project ToolsVersion="4.0" xmlns="http://schemas.microsoft.com/developer/msbuild/2003">
  <ItemGroup>
    <ClCompile Include="pch.cpp" />
    <ClCompile Include="VoiceClient.cpp" />
    <ClCompile Include="$(GeneratedFilesDir)module.g.cpp" />
    <ClCompile Include="VoiceBackgroundTask.cpp">
      <Filter>Background</Filter>
    </ClCompile>
    <ClCompile Include="VoiceClientOptions.cpp" />
    <ClCompile Include="SodiumWrapper.cpp">
      <Filter>Interop</Filter>
    </ClCompile>
    <ClCompile Include="OpusWrapper.cpp">
      <Filter>Interop</Filter>
    </ClCompile>
    <ClCompile Include="ServiceBackgroundTask.cpp">
      <Filter>Background</Filter>
    </ClCompile>
    <ClCompile Include="external\AudioDeviceWasapi.cpp">
      <Filter>Externals</Filter>
    </ClCompile>
    <ClCompile Include="VoiceTransport.cpp" />
    <ClCompile Include="VoiceClientStats.cpp" />
    <ClCompile Include="VideoFrameSink.cpp" />
    <ClCompile Include="SpeakingAudioAnalyzer.cpp" />
  </ItemGroup>
  <ItemGroup>
    <ClInclude Include="pch.h" />
    <ClInclude Include="VoiceClient.h" />
    <ClInclude Include="VoiceBackgroundTask.h">
      <Filter>Background</Filter>
    </ClInclude>
    <ClInclude Include="VoiceClientOptions.h" />
    <ClInclude Include="ConnectionEndpoint.h">
      <Filter>Interop</Filter>
    </ClInclude>
    <ClInclude Include="AudioFormat.h">
      <Filter>Interop</Filter>
    </ClInclude>
    <ClInclude Include="SodiumWrapper.h">
      <Filter>Interop</Filter>
    </ClInclude>
    <ClInclude Include="Rtp.h">
      <Filter>Interop</Filter>
    </ClInclude>
    <ClInclude Include="OpusWrapper.h">
      <Filter>Interop</Filter>
    </ClInclude>
    <ClInclude Include="ServiceBackgroundTask.h">
      <Filter>Background</Filter>
    </ClInclude>
    <ClInclude Include="external\IAudioDeviceWasapi.h">
      <Filter>Externals</Filter>
    </ClInclude>
    <ClInclude Include="external\AudioDeviceWasapi.h">
      <Filter>Externals</Filter>
    </ClInclude>
    <ClInclude Include="VoiceTransport.h" />
    <ClInclude Include="VoiceClientStats.h" />
    <ClInclude Include="VideoFrameSink.h" />
    <ClInclude Include="SpeakingAudioAnalyzer.h" />
  </ItemGroup>
  <ItemGroup>
    <Midl Include="VoiceClient.idl" />
    <Midl Include="VoiceBackgroundTask.idl">
      <Filter>Background</Filter>
    </Midl>
    <Midl Include="VoiceClientOptions.idl" />
    <Midl Include="ServiceBackgroundTask.idl">
      <Filter>Background</Filter>
    </Midl>
    <Midl Include="VoiceServiceRequest.idl">
      <Filter>Background</Filter>
    </Midl>
    <Midl Include="VoiceServiceEvent.idl">
      <Filter>Background</Filter>
    </Midl>
    <Midl Include="VoiceClientStats.idl" />
    <Midl Include="NoiseSuppressionLevel.idl" />
  </ItemGroup>
  <ItemGroup>
    <None Include="Unicord.Universal.Voice.def" />
    <None Include="PropertySheet.props" />
    <None Include=".clang-format" />
    <None Include="gsl\gsl" />
    <None Include="gsl\gsl_algorithm" />
    <None Include="gsl\gsl_assert" />
    <None Include="gsl\gsl_byte" />
    <None Include="gsl\gsl_util" />
    <None Include="gsl\multi_span" />
    <None Include="gsl\pointers" />
    <None Include="gsl\span" />
    <None Include="gsl\string_span" />
    <None Include="packages.config" />
  </ItemGroup>
  <ItemGroup>
    <Filter Include="Interop">
      <UniqueIdentifier>{44826d10-b8c2-4738-88c9-7ecc3a3827c1}</UniqueIdentifier>
    </Filter>
    <Filter Include="Background">
      <UniqueIdentifier>{4e0bb38b-a509-4f87-9842-71817b202c3f}</UniqueIdentifier>
    </Filter>
    <Filter Include="Externals">
      <UniqueIdentifier>{fb467f89-17c7-4f0a-b9a7-70b09208ef2b}</UniqueIdentifier>
    </Filter>
  </ItemGroup>
</Project>