<?xml version="1.0" encoding="utf-8"?>
<Project ToolsVersion="4.0" xmlns="http://schemas.microsoft.com/developer/msbuild/2003">
  <ItemGroup>
    <ClCompile Include="pch.cpp" />
    <ClCompile Include="VoiceClient.cpp" />
    <ClCompile Include="$(GeneratedFilesDir)module.g.cpp" />
    <ClCompile Include="VoiceBackgroundTask.cpp">
      <Filter>Background</Filter>
    </ClCompile>
    <ClCompile Include="VoiceClientOptions.cpp" />
    <ClCompile Include="VoiceOutputStream.cpp" />
    <ClCompile Include="AudioRenderer.cpp">
      <Filter>Render</Filter>
    </ClCompile>
    <ClCompile Include="ServiceBackgroundTask.cpp">
      <Filter>Background</Filter>
    </ClCompile>
    <ClCompile Include="VideoEventArgs.cpp" />
    <ClCompile Include="OpusDecoder.cpp">
      <Filter>Decode</Filter>
    </ClCompile>
    <ClCompile Include="OpusEncoder.cpp">
      <Filter>Encode</Filter>
    </ClCompile>
    <ClCompile Include="Rtp.cpp">
      <Filter>Transport</Filter>
    </ClCompile>
    <ClCompile Include="SodiumWrapper.cpp">
      <Filter>Transport</Filter>
    </ClCompile>
    <ClCompile Include="H264Decoder.cpp">
      <Filter>Decode</Filter>
    </ClCompile>
    <ClCompile Include="H264Utils.cpp">
      <Filter>Utilities</Filter>
    </ClCompile>
    <ClCompile Include="OpusPacketiser.cpp">
      <Filter>Transport</Filter>
    </ClCompile>
    <ClCompile Include="H264Packetiser.cpp">
      <Filter>Transport</Filter>
    </ClCompile>
  </ItemGroup>
  <ItemGroup>
    <ClInclude Include="pch.h" />
    <ClInclude Include="VoiceClient.h" />
    <ClInclude Include="VoiceBackgroundTask.h">
      <Filter>Background</Filter>
    </ClInclude>
    <ClInclude Include="VoiceClientOptions.h" />
    <ClInclude Include="ConnectionEndpoint.h">
      <Filter>Interop</Filter>
    </ClInclude>
    <ClInclude Include="AudioFormat.h">
      <Filter>Interop</Filter>
    </ClInclude>
    <ClInclude Include="VoiceOutputStream.h" />
    <ClInclude Include="AudioRenderer.h">
      <Filter>Render</Filter>
    </ClInclude>
    <ClInclude Include="ServiceBackgroundTask.h">
      <Filter>Background</Filter>
    </ClInclude>
    <ClInclude Include="VideoEventArgs.h" />
    <ClInclude Include="OpusDecoder.h">
      <Filter>Decode</Filter>
    </ClInclude>
    <ClInclude Include="OpusEncoder.h">
      <Filter>Encode</Filter>
    </ClInclude>
    <ClInclude Include="Rtp.h">
      <Filter>Transport</Filter>
    </ClInclude>
    <ClInclude Include="SodiumWrapper.h">
      <Filter>Transport</Filter>
    </ClInclude>
    <ClInclude Include="H264Decoder.h">
      <Filter>Decode</Filter>
    </ClInclude>
    <ClInclude Include="OpusUtils.h">
      <Filter>Utilities</Filter>
    </ClInclude>
    <ClInclude Include="H264Utils.h">
      <Filter>Utilities</Filter>
    </ClInclude>
    <ClInclude Include="OpusPacketiser.h">
      <Filter>Transport</Filter>
    </ClInclude>
    <ClInclude Include="H264Packetiser.h">
      <Filter>Transport</Filter>
    </ClInclude>
  </ItemGroup>
  <ItemGroup>
    <Midl Include="VoiceClient.idl" />
    <Midl Include="VoiceBackgroundTask.idl">
      <Filter>Background</Filter>
    </Midl>
    <Midl Include="VoiceClientOptions.idl" />
    <Midl Include="VoiceOutputStream.idl" />
    <Midl Include="ServiceBackgroundTask.idl">
      <Filter>Background</Filter>
    </Midl>
    <Midl Include="VoiceServiceRequest.idl">
      <Filter>Background</Filter>
    </Midl>
    <Midl Include="VoiceServiceEvent.idl">
      <Filter>Background</Filter>
    </Midl>
    <Midl Include="VideoEventArgs.idl" />
  </ItemGroup>
  <ItemGroup>
    <None Include="Unicord.Universal.Voice.def" />
    <None Include="PropertySheet.props" />
    <None Include="packages.config" />
  </ItemGroup>
  <ItemGroup>
    <Filter Include="Interop">
      <UniqueIdentifier>{44826d10-b8c2-4738-88c9-7ecc3a3827c1}</UniqueIdentifier>
    </Filter>
    <Filter Include="Background">
      <UniqueIdentifier>{4e0bb38b-a509-4f87-9842-71817b202c3f}</UniqueIdentifier>
    </Filter>
    <Filter Include="Render">
      <UniqueIdentifier>{b51b0a0b-5007-4025-b7bb-4cd447566a6b}</UniqueIdentifier>
    </Filter>
    <Filter Include="Decode">
      <UniqueIdentifier>{70f94bec-b5b7-49d8-af79-c1ff713beb31}</UniqueIdentifier>
    </Filter>
    <Filter Include="Encode">
      <UniqueIdentifier>{b3d857b7-c49c-4d79-91b3-3e8f1484a8af}</UniqueIdentifier>
    </Filter>
    <Filter Include="Transport">
      <UniqueIdentifier>{e4c7025c-a533-4adf-a899-480f2ed7d944}</UniqueIdentifier>
    </Filter>
    <Filter Include="Utilities">
      <UniqueIdentifier>{bd41e477-5d0f-4880-b2d5-a53123e9f335}</UniqueIdentifier>
    </Filter>
  </ItemGroup>
</Project>